// !$*UTF8*$!
{
	archiveVersion = 1;
	classes = {
	};
	objectVersion = 50;
	objects = {

/* Begin PBXBuildFile section */
		DE08D85225F672E800B4E98F /* CacheFeedUseCaseTests.swift in Sources */ = {isa = PBXBuildFile; fileRef = DE08D85125F672E800B4E98F /* CacheFeedUseCaseTests.swift */; };
		DE1CF420260592B4002D9BC7 /* CodableFeedStore.swift in Sources */ = {isa = PBXBuildFile; fileRef = DE1CF41F260592B4002D9BC7 /* CodableFeedStore.swift */; };
		DE1CF4252605A91F002D9BC7 /* FeedStoreSpecs.swift in Sources */ = {isa = PBXBuildFile; fileRef = DE1CF4242605A91F002D9BC7 /* FeedStoreSpecs.swift */; };
		DE1CF42A2605AA15002D9BC7 /* XCTestCase+FeedStoreSpecs.swift in Sources */ = {isa = PBXBuildFile; fileRef = DE1CF4292605AA15002D9BC7 /* XCTestCase+FeedStoreSpecs.swift */; };
		DE1CF42F2605CE5F002D9BC7 /* XCTestCase+FailableRetrieveFeedStoreSpecs.swift in Sources */ = {isa = PBXBuildFile; fileRef = DE1CF42E2605CE5F002D9BC7 /* XCTestCase+FailableRetrieveFeedStoreSpecs.swift */; };
		DE1CF4342605CF90002D9BC7 /* XCTestCase+FailableInsertFeedStoreSpecs.swift in Sources */ = {isa = PBXBuildFile; fileRef = DE1CF4332605CF90002D9BC7 /* XCTestCase+FailableInsertFeedStoreSpecs.swift */; };
		DE1CF4392605D0DA002D9BC7 /* XCTestCase+FailableDeleteFeedStoreSpecs.swift in Sources */ = {isa = PBXBuildFile; fileRef = DE1CF4382605D0DA002D9BC7 /* XCTestCase+FailableDeleteFeedStoreSpecs.swift */; };
		DE1CF43F2605D31C002D9BC7 /* CoreDataFeedStoreTests.swift in Sources */ = {isa = PBXBuildFile; fileRef = DE1CF43E2605D31C002D9BC7 /* CoreDataFeedStoreTests.swift */; };
		DE1CF4472605D3B7002D9BC7 /* CoreDataFeedStore.swift in Sources */ = {isa = PBXBuildFile; fileRef = DE1CF4462605D3B7002D9BC7 /* CoreDataFeedStore.swift */; };
		DE1CF44D2605D594002D9BC7 /* FeedStore.xcdatamodeld in Sources */ = {isa = PBXBuildFile; fileRef = DE1CF44B2605D594002D9BC7 /* FeedStore.xcdatamodeld */; };
		DE1CF4582605E5FA002D9BC7 /* CoreDataHelpers.swift in Sources */ = {isa = PBXBuildFile; fileRef = DE1CF4572605E5FA002D9BC7 /* CoreDataHelpers.swift */; };
		DE1CF4602605E6AA002D9BC7 /* ManagedCache.swift in Sources */ = {isa = PBXBuildFile; fileRef = DE1CF45F2605E6AA002D9BC7 /* ManagedCache.swift */; };
		DE1CF4652605E6C0002D9BC7 /* ManagedFeedImage.swift in Sources */ = {isa = PBXBuildFile; fileRef = DE1CF4642605E6C0002D9BC7 /* ManagedFeedImage.swift */; };
		DE1CF46E2605EBED002D9BC7 /* EssentialFeedCacheIntegrationTests.swift in Sources */ = {isa = PBXBuildFile; fileRef = DE1CF46D2605EBED002D9BC7 /* EssentialFeedCacheIntegrationTests.swift */; };
		DE20963C25FC60F50096F017 /* LocalFeedLoader.swift in Sources */ = {isa = PBXBuildFile; fileRef = DE20963B25FC60F50096F017 /* LocalFeedLoader.swift */; };
		DE20964125FC618E0096F017 /* FeedStore.swift in Sources */ = {isa = PBXBuildFile; fileRef = DE20964025FC618E0096F017 /* FeedStore.swift */; };
		DE20964625FC6D8B0096F017 /* RemoteFeedItem.swift in Sources */ = {isa = PBXBuildFile; fileRef = DE20964525FC6D8B0096F017 /* RemoteFeedItem.swift */; };
		DE20964E25FC6DDB0096F017 /* LocalFeedImage.swift in Sources */ = {isa = PBXBuildFile; fileRef = DE20964D25FC6DDB0096F017 /* LocalFeedImage.swift */; };
		DE3010D125FF1C3400FFD7D3 /* CodableFeedStoreTests.swift in Sources */ = {isa = PBXBuildFile; fileRef = DE3010D025FF1C3400FFD7D3 /* CodableFeedStoreTests.swift */; };
		DE4B7C1A25F329F40085EEE8 /* URLSessionHTTPClientTests.swift in Sources */ = {isa = PBXBuildFile; fileRef = DE4B7C1925F329F40085EEE8 /* URLSessionHTTPClientTests.swift */; };
		DE4B7C2825F3729F0085EEE8 /* XCTestCase+MemoryLeakTracking.swift in Sources */ = {isa = PBXBuildFile; fileRef = DE4B7C2725F3729F0085EEE8 /* XCTestCase+MemoryLeakTracking.swift */; };
		DE4B7C3025F3A3A10085EEE8 /* URLSessionHTTPClient.swift in Sources */ = {isa = PBXBuildFile; fileRef = DE4B7C2F25F3A3A10085EEE8 /* URLSessionHTTPClient.swift */; };
		DE529DD826216D0100A2A15A /* FeedViewControllerTests.swift in Sources */ = {isa = PBXBuildFile; fileRef = DE529DD726216D0100A2A15A /* FeedViewControllerTests.swift */; };
		DE529DDE26216D9200A2A15A /* EssentialFeedUITests.swift in Sources */ = {isa = PBXBuildFile; fileRef = DE529DDD26216D9200A2A15A /* EssentialFeedUITests.swift */; };
		DE529DED26218CDC00A2A15A /* FeedViewController.swift in Sources */ = {isa = PBXBuildFile; fileRef = DE529DEC26218CDC00A2A15A /* FeedViewController.swift */; };
		DE529DF32621974A00A2A15A /* FeedImageCell.swift in Sources */ = {isa = PBXBuildFile; fileRef = DE529DF22621974A00A2A15A /* FeedImageCell.swift */; };
		DE529DF72622CA6E00A2A15A /* UIView+Shimmering.swift in Sources */ = {isa = PBXBuildFile; fileRef = DE529DF62622CA6E00A2A15A /* UIView+Shimmering.swift */; };
		DEC48AC525EA07C700B608DC /* AppDelegate.swift in Sources */ = {isa = PBXBuildFile; fileRef = DEC48AC425EA07C700B608DC /* AppDelegate.swift */; };
		DEC48AC725EA07C700B608DC /* SceneDelegate.swift in Sources */ = {isa = PBXBuildFile; fileRef = DEC48AC625EA07C700B608DC /* SceneDelegate.swift */; };
		DEC48ACE25EA07C800B608DC /* Assets.xcassets in Resources */ = {isa = PBXBuildFile; fileRef = DEC48ACD25EA07C800B608DC /* Assets.xcassets */; };
		DEC48AD125EA07C800B608DC /* LaunchScreen.storyboard in Resources */ = {isa = PBXBuildFile; fileRef = DEC48ACF25EA07C800B608DC /* LaunchScreen.storyboard */; };
		DEC48B0725EA08ED00B608DC /* FeedImage.swift in Sources */ = {isa = PBXBuildFile; fileRef = DEC48B0625EA08ED00B608DC /* FeedImage.swift */; };
		DEC48B0C25EA0A2D00B608DC /* FeedLoader.swift in Sources */ = {isa = PBXBuildFile; fileRef = DEC48B0B25EA0A2D00B608DC /* FeedLoader.swift */; };
		DEC48B1525EA0C3A00B608DC /* LoadFeedFromRemoteUseCaseTests.swift in Sources */ = {isa = PBXBuildFile; fileRef = DEC48B1425EA0C3A00B608DC /* LoadFeedFromRemoteUseCaseTests.swift */; };
		DEC841C925EA1CD5000D8968 /* RemoteFeedLoader.swift in Sources */ = {isa = PBXBuildFile; fileRef = DEC841C825EA1CD5000D8968 /* RemoteFeedLoader.swift */; };
		DED916B125FC77820094DF8C /* LoadFeedFromCacheUseCaseTests.swift in Sources */ = {isa = PBXBuildFile; fileRef = DED916B025FC77820094DF8C /* LoadFeedFromCacheUseCaseTests.swift */; };
		DED916B725FC79A40094DF8C /* FeedStoreSpy.swift in Sources */ = {isa = PBXBuildFile; fileRef = DED916B625FC79A40094DF8C /* FeedStoreSpy.swift */; };
		DED916BF25FCB51B0094DF8C /* ValidateFeedCacheUseCaseTests.swift in Sources */ = {isa = PBXBuildFile; fileRef = DED916BE25FCB51B0094DF8C /* ValidateFeedCacheUseCaseTests.swift */; };
		DED916C425FCBC4D0094DF8C /* FeedCacheTestHelpers.swift in Sources */ = {isa = PBXBuildFile; fileRef = DED916C325FCBC4D0094DF8C /* FeedCacheTestHelpers.swift */; };
		DED916C925FCBDCD0094DF8C /* SharedTestHelpers.swift in Sources */ = {isa = PBXBuildFile; fileRef = DED916C825FCBDCD0094DF8C /* SharedTestHelpers.swift */; };
		DED916CE25FDFA470094DF8C /* FeedCachePolicy.swift in Sources */ = {isa = PBXBuildFile; fileRef = DED916CD25FDFA470094DF8C /* FeedCachePolicy.swift */; };
		DEDB0FFF25F4F9B7002E7B86 /* EssentialFeedAPIEndToEndTests.swift in Sources */ = {isa = PBXBuildFile; fileRef = DEDB0FFE25F4F9B7002E7B86 /* EssentialFeedAPIEndToEndTests.swift */; };
		DEE872672623FDAE00566400 /* FeedImageDataLoader.swift in Sources */ = {isa = PBXBuildFile; fileRef = DEE872662623FDAE00566400 /* FeedImageDataLoader.swift */; };
		DEE87270262401DE00566400 /* FeedRefreshViewController.swift in Sources */ = {isa = PBXBuildFile; fileRef = DEE8726F262401DE00566400 /* FeedRefreshViewController.swift */; };
		DEE87274262407B500566400 /* FeedImageCellController.swift in Sources */ = {isa = PBXBuildFile; fileRef = DEE87273262407B500566400 /* FeedImageCellController.swift */; };
		DEE8727926242C7100566400 /* FeedUIComposer.swift in Sources */ = {isa = PBXBuildFile; fileRef = DEE8727826242C7100566400 /* FeedUIComposer.swift */; };
		DEE8728426244D7B00566400 /* FeedImageViewModel.swift in Sources */ = {isa = PBXBuildFile; fileRef = DEE8728326244D7B00566400 /* FeedImageViewModel.swift */; };
		DEE87288262556A100566400 /* FeedPresenter.swift in Sources */ = {isa = PBXBuildFile; fileRef = DEE87287262556A100566400 /* FeedPresenter.swift */; };
		DEE872912625EC6A00566400 /* FeedImagePresenter.swift in Sources */ = {isa = PBXBuildFile; fileRef = DEE872902625EC6A00566400 /* FeedImagePresenter.swift */; };
		DEE872972625F84F00566400 /* FeedLoadingViewModel.swift in Sources */ = {isa = PBXBuildFile; fileRef = DEE872962625F84F00566400 /* FeedLoadingViewModel.swift */; };
		DEE8729B2625F88D00566400 /* FeedViewModel.swift in Sources */ = {isa = PBXBuildFile; fileRef = DEE8729A2625F88D00566400 /* FeedViewModel.swift */; };
		DEECCD1C25EFCAF8003242CF /* HTTPClient.swift in Sources */ = {isa = PBXBuildFile; fileRef = DEECCD1B25EFCAF8003242CF /* HTTPClient.swift */; };
		DEECCD2125EFCB44003242CF /* FeedItemsMapper.swift in Sources */ = {isa = PBXBuildFile; fileRef = DEECCD2025EFCB44003242CF /* FeedItemsMapper.swift */; };
/* End PBXBuildFile section */

/* Begin PBXContainerItemProxy section */
		DEC48AD825EA07C800B608DC /* PBXContainerItemProxy */ = {
			isa = PBXContainerItemProxy;
			containerPortal = DEC48AB925EA07C700B608DC /* Project object */;
			proxyType = 1;
			remoteGlobalIDString = DEC48AC025EA07C700B608DC;
			remoteInfo = EssentialFeed;
		};
		DEC48AE325EA07C800B608DC /* PBXContainerItemProxy */ = {
			isa = PBXContainerItemProxy;
			containerPortal = DEC48AB925EA07C700B608DC /* Project object */;
			proxyType = 1;
			remoteGlobalIDString = DEC48AC025EA07C700B608DC;
			remoteInfo = EssentialFeed;
		};
/* End PBXContainerItemProxy section */

/* Begin PBXCopyFilesBuildPhase section */
		DE30FD2B260F2D5400F01135 /* Embed Frameworks */ = {
			isa = PBXCopyFilesBuildPhase;
			buildActionMask = 2147483647;
			dstPath = "";
			dstSubfolderSpec = 10;
			files = (
			);
			name = "Embed Frameworks";
			runOnlyForDeploymentPostprocessing = 0;
		};
/* End PBXCopyFilesBuildPhase section */

/* Begin PBXFileReference section */
		DE08D85125F672E800B4E98F /* CacheFeedUseCaseTests.swift */ = {isa = PBXFileReference; lastKnownFileType = sourcecode.swift; path = CacheFeedUseCaseTests.swift; sourceTree = "<group>"; };
		DE1CF41F260592B4002D9BC7 /* CodableFeedStore.swift */ = {isa = PBXFileReference; lastKnownFileType = sourcecode.swift; path = CodableFeedStore.swift; sourceTree = "<group>"; };
		DE1CF4242605A91F002D9BC7 /* FeedStoreSpecs.swift */ = {isa = PBXFileReference; lastKnownFileType = sourcecode.swift; path = FeedStoreSpecs.swift; sourceTree = "<group>"; };
		DE1CF4292605AA15002D9BC7 /* XCTestCase+FeedStoreSpecs.swift */ = {isa = PBXFileReference; lastKnownFileType = sourcecode.swift; path = "XCTestCase+FeedStoreSpecs.swift"; sourceTree = "<group>"; };
		DE1CF42E2605CE5F002D9BC7 /* XCTestCase+FailableRetrieveFeedStoreSpecs.swift */ = {isa = PBXFileReference; lastKnownFileType = sourcecode.swift; path = "XCTestCase+FailableRetrieveFeedStoreSpecs.swift"; sourceTree = "<group>"; };
		DE1CF4332605CF90002D9BC7 /* XCTestCase+FailableInsertFeedStoreSpecs.swift */ = {isa = PBXFileReference; lastKnownFileType = sourcecode.swift; path = "XCTestCase+FailableInsertFeedStoreSpecs.swift"; sourceTree = "<group>"; };
		DE1CF4382605D0DA002D9BC7 /* XCTestCase+FailableDeleteFeedStoreSpecs.swift */ = {isa = PBXFileReference; lastKnownFileType = sourcecode.swift; path = "XCTestCase+FailableDeleteFeedStoreSpecs.swift"; sourceTree = "<group>"; };
		DE1CF43E2605D31C002D9BC7 /* CoreDataFeedStoreTests.swift */ = {isa = PBXFileReference; lastKnownFileType = sourcecode.swift; path = CoreDataFeedStoreTests.swift; sourceTree = "<group>"; };
		DE1CF4462605D3B7002D9BC7 /* CoreDataFeedStore.swift */ = {isa = PBXFileReference; lastKnownFileType = sourcecode.swift; path = CoreDataFeedStore.swift; sourceTree = "<group>"; };
		DE1CF44C2605D594002D9BC7 /* FeedStore.xcdatamodel */ = {isa = PBXFileReference; lastKnownFileType = wrapper.xcdatamodel; path = FeedStore.xcdatamodel; sourceTree = "<group>"; };
		DE1CF4572605E5FA002D9BC7 /* CoreDataHelpers.swift */ = {isa = PBXFileReference; lastKnownFileType = sourcecode.swift; path = CoreDataHelpers.swift; sourceTree = "<group>"; };
		DE1CF45F2605E6AA002D9BC7 /* ManagedCache.swift */ = {isa = PBXFileReference; lastKnownFileType = sourcecode.swift; path = ManagedCache.swift; sourceTree = "<group>"; };
		DE1CF4642605E6C0002D9BC7 /* ManagedFeedImage.swift */ = {isa = PBXFileReference; lastKnownFileType = sourcecode.swift; path = ManagedFeedImage.swift; sourceTree = "<group>"; };
		DE1CF46D2605EBED002D9BC7 /* EssentialFeedCacheIntegrationTests.swift */ = {isa = PBXFileReference; lastKnownFileType = sourcecode.swift; path = EssentialFeedCacheIntegrationTests.swift; sourceTree = "<group>"; };
		DE20963B25FC60F50096F017 /* LocalFeedLoader.swift */ = {isa = PBXFileReference; lastKnownFileType = sourcecode.swift; path = LocalFeedLoader.swift; sourceTree = "<group>"; };
		DE20964025FC618E0096F017 /* FeedStore.swift */ = {isa = PBXFileReference; lastKnownFileType = sourcecode.swift; path = FeedStore.swift; sourceTree = "<group>"; };
		DE20964525FC6D8B0096F017 /* RemoteFeedItem.swift */ = {isa = PBXFileReference; lastKnownFileType = sourcecode.swift; path = RemoteFeedItem.swift; sourceTree = "<group>"; };
		DE20964D25FC6DDB0096F017 /* LocalFeedImage.swift */ = {isa = PBXFileReference; lastKnownFileType = sourcecode.swift; path = LocalFeedImage.swift; sourceTree = "<group>"; };
		DE3010D025FF1C3400FFD7D3 /* CodableFeedStoreTests.swift */ = {isa = PBXFileReference; lastKnownFileType = sourcecode.swift; path = CodableFeedStoreTests.swift; sourceTree = "<group>"; };
		DE4B7C1925F329F40085EEE8 /* URLSessionHTTPClientTests.swift */ = {isa = PBXFileReference; lastKnownFileType = sourcecode.swift; path = URLSessionHTTPClientTests.swift; sourceTree = "<group>"; };
		DE4B7C2725F3729F0085EEE8 /* XCTestCase+MemoryLeakTracking.swift */ = {isa = PBXFileReference; lastKnownFileType = sourcecode.swift; path = "XCTestCase+MemoryLeakTracking.swift"; sourceTree = "<group>"; };
		DE4B7C2F25F3A3A10085EEE8 /* URLSessionHTTPClient.swift */ = {isa = PBXFileReference; lastKnownFileType = sourcecode.swift; path = URLSessionHTTPClient.swift; sourceTree = "<group>"; };
		DE529DD726216D0100A2A15A /* FeedViewControllerTests.swift */ = {isa = PBXFileReference; lastKnownFileType = sourcecode.swift; path = FeedViewControllerTests.swift; sourceTree = "<group>"; };
		DE529DDD26216D9200A2A15A /* EssentialFeedUITests.swift */ = {isa = PBXFileReference; fileEncoding = 4; lastKnownFileType = sourcecode.swift; path = EssentialFeedUITests.swift; sourceTree = "<group>"; };
		DE529DE726216E2600A2A15A /* EssentialFeedUITests-Bridging-Header.h */ = {isa = PBXFileReference; lastKnownFileType = sourcecode.c.h; path = "EssentialFeedUITests-Bridging-Header.h"; sourceTree = "<group>"; };
		DE529DEC26218CDC00A2A15A /* FeedViewController.swift */ = {isa = PBXFileReference; lastKnownFileType = sourcecode.swift; path = FeedViewController.swift; sourceTree = "<group>"; };
		DE529DF22621974A00A2A15A /* FeedImageCell.swift */ = {isa = PBXFileReference; lastKnownFileType = sourcecode.swift; path = FeedImageCell.swift; sourceTree = "<group>"; };
		DE529DF62622CA6E00A2A15A /* UIView+Shimmering.swift */ = {isa = PBXFileReference; lastKnownFileType = sourcecode.swift; path = "UIView+Shimmering.swift"; sourceTree = "<group>"; };
		DEC48AC125EA07C700B608DC /* EssentialFeed.app */ = {isa = PBXFileReference; explicitFileType = wrapper.application; includeInIndex = 0; path = EssentialFeed.app; sourceTree = BUILT_PRODUCTS_DIR; };
		DEC48AC425EA07C700B608DC /* AppDelegate.swift */ = {isa = PBXFileReference; lastKnownFileType = sourcecode.swift; path = AppDelegate.swift; sourceTree = "<group>"; };
		DEC48AC625EA07C700B608DC /* SceneDelegate.swift */ = {isa = PBXFileReference; lastKnownFileType = sourcecode.swift; path = SceneDelegate.swift; sourceTree = "<group>"; };
		DEC48ACD25EA07C800B608DC /* Assets.xcassets */ = {isa = PBXFileReference; lastKnownFileType = folder.assetcatalog; path = Assets.xcassets; sourceTree = "<group>"; };
		DEC48AD025EA07C800B608DC /* Base */ = {isa = PBXFileReference; lastKnownFileType = file.storyboard; name = Base; path = Base.lproj/LaunchScreen.storyboard; sourceTree = "<group>"; };
		DEC48AD225EA07C800B608DC /* Info.plist */ = {isa = PBXFileReference; lastKnownFileType = text.plist.xml; path = Info.plist; sourceTree = "<group>"; };
		DEC48AD725EA07C800B608DC /* EssentialFeedTests.xctest */ = {isa = PBXFileReference; explicitFileType = wrapper.cfbundle; includeInIndex = 0; path = EssentialFeedTests.xctest; sourceTree = BUILT_PRODUCTS_DIR; };
		DEC48ADD25EA07C800B608DC /* Info.plist */ = {isa = PBXFileReference; lastKnownFileType = text.plist.xml; path = Info.plist; sourceTree = "<group>"; };
		DEC48AE225EA07C800B608DC /* EssentialFeedUITests.xctest */ = {isa = PBXFileReference; explicitFileType = wrapper.cfbundle; includeInIndex = 0; path = EssentialFeedUITests.xctest; sourceTree = BUILT_PRODUCTS_DIR; };
		DEC48AE825EA07C800B608DC /* Info.plist */ = {isa = PBXFileReference; lastKnownFileType = text.plist.xml; path = Info.plist; sourceTree = "<group>"; };
		DEC48B0625EA08ED00B608DC /* FeedImage.swift */ = {isa = PBXFileReference; lastKnownFileType = sourcecode.swift; path = FeedImage.swift; sourceTree = "<group>"; };
		DEC48B0B25EA0A2D00B608DC /* FeedLoader.swift */ = {isa = PBXFileReference; lastKnownFileType = sourcecode.swift; path = FeedLoader.swift; sourceTree = "<group>"; };
		DEC48B1425EA0C3A00B608DC /* LoadFeedFromRemoteUseCaseTests.swift */ = {isa = PBXFileReference; lastKnownFileType = sourcecode.swift; path = LoadFeedFromRemoteUseCaseTests.swift; sourceTree = "<group>"; };
		DEC841C825EA1CD5000D8968 /* RemoteFeedLoader.swift */ = {isa = PBXFileReference; lastKnownFileType = sourcecode.swift; path = RemoteFeedLoader.swift; sourceTree = "<group>"; };
		DED916B025FC77820094DF8C /* LoadFeedFromCacheUseCaseTests.swift */ = {isa = PBXFileReference; lastKnownFileType = sourcecode.swift; path = LoadFeedFromCacheUseCaseTests.swift; sourceTree = "<group>"; };
		DED916B625FC79A40094DF8C /* FeedStoreSpy.swift */ = {isa = PBXFileReference; lastKnownFileType = sourcecode.swift; path = FeedStoreSpy.swift; sourceTree = "<group>"; };
		DED916BE25FCB51B0094DF8C /* ValidateFeedCacheUseCaseTests.swift */ = {isa = PBXFileReference; lastKnownFileType = sourcecode.swift; path = ValidateFeedCacheUseCaseTests.swift; sourceTree = "<group>"; };
		DED916C325FCBC4D0094DF8C /* FeedCacheTestHelpers.swift */ = {isa = PBXFileReference; lastKnownFileType = sourcecode.swift; path = FeedCacheTestHelpers.swift; sourceTree = "<group>"; };
		DED916C825FCBDCD0094DF8C /* SharedTestHelpers.swift */ = {isa = PBXFileReference; lastKnownFileType = sourcecode.swift; path = SharedTestHelpers.swift; sourceTree = "<group>"; };
		DED916CD25FDFA470094DF8C /* FeedCachePolicy.swift */ = {isa = PBXFileReference; lastKnownFileType = sourcecode.swift; path = FeedCachePolicy.swift; sourceTree = "<group>"; };
		DEDB0FFE25F4F9B7002E7B86 /* EssentialFeedAPIEndToEndTests.swift */ = {isa = PBXFileReference; lastKnownFileType = sourcecode.swift; path = EssentialFeedAPIEndToEndTests.swift; sourceTree = "<group>"; };
		DEE872662623FDAE00566400 /* FeedImageDataLoader.swift */ = {isa = PBXFileReference; lastKnownFileType = sourcecode.swift; path = FeedImageDataLoader.swift; sourceTree = "<group>"; };
		DEE8726F262401DE00566400 /* FeedRefreshViewController.swift */ = {isa = PBXFileReference; lastKnownFileType = sourcecode.swift; path = FeedRefreshViewController.swift; sourceTree = "<group>"; };
		DEE87273262407B500566400 /* FeedImageCellController.swift */ = {isa = PBXFileReference; lastKnownFileType = sourcecode.swift; path = FeedImageCellController.swift; sourceTree = "<group>"; };
		DEE8727826242C7100566400 /* FeedUIComposer.swift */ = {isa = PBXFileReference; lastKnownFileType = sourcecode.swift; path = FeedUIComposer.swift; sourceTree = "<group>"; };
		DEE8728326244D7B00566400 /* FeedImageViewModel.swift */ = {isa = PBXFileReference; lastKnownFileType = sourcecode.swift; path = FeedImageViewModel.swift; sourceTree = "<group>"; };
		DEE87287262556A100566400 /* FeedPresenter.swift */ = {isa = PBXFileReference; lastKnownFileType = sourcecode.swift; path = FeedPresenter.swift; sourceTree = "<group>"; };
		DEE872902625EC6A00566400 /* FeedImagePresenter.swift */ = {isa = PBXFileReference; lastKnownFileType = sourcecode.swift; path = FeedImagePresenter.swift; sourceTree = "<group>"; };
		DEE872962625F84F00566400 /* FeedLoadingViewModel.swift */ = {isa = PBXFileReference; lastKnownFileType = sourcecode.swift; path = FeedLoadingViewModel.swift; sourceTree = "<group>"; };
		DEE8729A2625F88D00566400 /* FeedViewModel.swift */ = {isa = PBXFileReference; lastKnownFileType = sourcecode.swift; path = FeedViewModel.swift; sourceTree = "<group>"; };
		DEECCD1B25EFCAF8003242CF /* HTTPClient.swift */ = {isa = PBXFileReference; lastKnownFileType = sourcecode.swift; path = HTTPClient.swift; sourceTree = "<group>"; };
		DEECCD2025EFCB44003242CF /* FeedItemsMapper.swift */ = {isa = PBXFileReference; lastKnownFileType = sourcecode.swift; path = FeedItemsMapper.swift; sourceTree = "<group>"; };
/* End PBXFileReference section */

/* Begin PBXFrameworksBuildPhase section */
		DEC48ABE25EA07C700B608DC /* Frameworks */ = {
			isa = PBXFrameworksBuildPhase;
			buildActionMask = 2147483647;
			files = (
			);
			runOnlyForDeploymentPostprocessing = 0;
		};
		DEC48AD425EA07C800B608DC /* Frameworks */ = {
			isa = PBXFrameworksBuildPhase;
			buildActionMask = 2147483647;
			files = (
			);
			runOnlyForDeploymentPostprocessing = 0;
		};
		DEC48ADF25EA07C800B608DC /* Frameworks */ = {
			isa = PBXFrameworksBuildPhase;
			buildActionMask = 2147483647;
			files = (
			);
			runOnlyForDeploymentPostprocessing = 0;
		};
/* End PBXFrameworksBuildPhase section */

/* Begin PBXGroup section */
		DE08D85025F672A200B4E98F /* Feed Cache */ = {
			isa = PBXGroup;
			children = (
				DED916B525FC79810094DF8C /* Helpers */,
				DE1CF43D2605D191002D9BC7 /* FeedStoreSpecs */,
				DE08D85125F672E800B4E98F /* CacheFeedUseCaseTests.swift */,
				DED916B025FC77820094DF8C /* LoadFeedFromCacheUseCaseTests.swift */,
				DED916BE25FCB51B0094DF8C /* ValidateFeedCacheUseCaseTests.swift */,
				DE3010D025FF1C3400FFD7D3 /* CodableFeedStoreTests.swift */,
				DE1CF43E2605D31C002D9BC7 /* CoreDataFeedStoreTests.swift */,
			);
			path = "Feed Cache";
			sourceTree = "<group>";
		};
		DE1CF43D2605D191002D9BC7 /* FeedStoreSpecs */ = {
			isa = PBXGroup;
			children = (
				DE1CF4242605A91F002D9BC7 /* FeedStoreSpecs.swift */,
				DE1CF4292605AA15002D9BC7 /* XCTestCase+FeedStoreSpecs.swift */,
				DE1CF42E2605CE5F002D9BC7 /* XCTestCase+FailableRetrieveFeedStoreSpecs.swift */,
				DE1CF4332605CF90002D9BC7 /* XCTestCase+FailableInsertFeedStoreSpecs.swift */,
				DE1CF4382605D0DA002D9BC7 /* XCTestCase+FailableDeleteFeedStoreSpecs.swift */,
			);
			path = FeedStoreSpecs;
			sourceTree = "<group>";
		};
		DE1CF4512605E4DD002D9BC7 /* Infrastructure */ = {
			isa = PBXGroup;
			children = (
				DE1CF4532605E54D002D9BC7 /* Codable */,
				DE1CF4522605E4F5002D9BC7 /* CoreData */,
			);
			path = Infrastructure;
			sourceTree = "<group>";
		};
		DE1CF4522605E4F5002D9BC7 /* CoreData */ = {
			isa = PBXGroup;
			children = (
				DE1CF4462605D3B7002D9BC7 /* CoreDataFeedStore.swift */,
				DE1CF4572605E5FA002D9BC7 /* CoreDataHelpers.swift */,
				DE1CF45F2605E6AA002D9BC7 /* ManagedCache.swift */,
				DE1CF4642605E6C0002D9BC7 /* ManagedFeedImage.swift */,
				DE1CF44B2605D594002D9BC7 /* FeedStore.xcdatamodeld */,
			);
			path = CoreData;
			sourceTree = "<group>";
		};
		DE1CF4532605E54D002D9BC7 /* Codable */ = {
			isa = PBXGroup;
			children = (
				DE1CF41F260592B4002D9BC7 /* CodableFeedStore.swift */,
			);
			path = Codable;
			sourceTree = "<group>";
		};
		DE1CF46C2605EB87002D9BC7 /* EssentialFeedCacheIntegrationTests */ = {
			isa = PBXGroup;
			children = (
				DE1CF46D2605EBED002D9BC7 /* EssentialFeedCacheIntegrationTests.swift */,
			);
			path = EssentialFeedCacheIntegrationTests;
			sourceTree = "<group>";
		};
		DE20963A25FC60D00096F017 /* Feed Cache */ = {
			isa = PBXGroup;
			children = (
				DE1CF4512605E4DD002D9BC7 /* Infrastructure */,
				DE20963B25FC60F50096F017 /* LocalFeedLoader.swift */,
				DE20964025FC618E0096F017 /* FeedStore.swift */,
				DE20964D25FC6DDB0096F017 /* LocalFeedImage.swift */,
				DED916CD25FDFA470094DF8C /* FeedCachePolicy.swift */,
			);
			path = "Feed Cache";
			sourceTree = "<group>";
		};
		DE4B7C2625F3720C0085EEE8 /* Helpers */ = {
			isa = PBXGroup;
			children = (
				DE4B7C2725F3729F0085EEE8 /* XCTestCase+MemoryLeakTracking.swift */,
				DED916C825FCBDCD0094DF8C /* SharedTestHelpers.swift */,
			);
			path = Helpers;
			sourceTree = "<group>";
		};
		DE529DCE26216CAC00A2A15A /* EssentialFeedUITests */ = {
			isa = PBXGroup;
			children = (
				DE529DD726216D0100A2A15A /* FeedViewControllerTests.swift */,
			);
			path = EssentialFeedUITests;
			sourceTree = "<group>";
		};
		DE6AF6D125F4CD1F00970A77 /* Frameworks */ = {
			isa = PBXGroup;
			children = (
			);
			name = Frameworks;
			sourceTree = "<group>";
		};
		DEC48AB825EA07C700B608DC = {
			isa = PBXGroup;
			children = (
				DEC48AC325EA07C700B608DC /* EssentialFeed */,
				DEC48ADA25EA07C800B608DC /* EssentialFeedTests */,
				DEC48AE525EA07C800B608DC /* EssentialFeedUITests */,
				DEC48AC225EA07C700B608DC /* Products */,
				DE6AF6D125F4CD1F00970A77 /* Frameworks */,
			);
			sourceTree = "<group>";
		};
		DEC48AC225EA07C700B608DC /* Products */ = {
			isa = PBXGroup;
			children = (
				DEC48AC125EA07C700B608DC /* EssentialFeed.app */,
				DEC48AD725EA07C800B608DC /* EssentialFeedTests.xctest */,
				DEC48AE225EA07C800B608DC /* EssentialFeedUITests.xctest */,
			);
			name = Products;
			sourceTree = "<group>";
		};
		DEC48AC325EA07C700B608DC /* EssentialFeed */ = {
			isa = PBXGroup;
			children = (
				DEC48AF725EA083000B608DC /* Application */,
				DEE872652623FD7400566400 /* Feed Image Loader */,
				DEE8727E262439DE00566400 /* Feed Presentation */,
				DEE8726A2623FDDD00566400 /* Feed UI */,
				DE20963A25FC60D00096F017 /* Feed Cache */,
				DEC48B1325EA0B5700B608DC /* Feed Feature */,
				DEC841C725EA1CB0000D8968 /* Feed API */,
				DEC48B0225EA08BB00B608DC /* Supporting Files */,
			);
			path = EssentialFeed;
			sourceTree = "<group>";
		};
		DEC48ADA25EA07C800B608DC /* EssentialFeedTests */ = {
			isa = PBXGroup;
			children = (
				DE4B7C2625F3720C0085EEE8 /* Helpers */,
				DE08D85025F672A200B4E98F /* Feed Cache */,
				DEECCD2825EFD443003242CF /* Feed API */,
				DEDB0FFA25F4F8F3002E7B86 /* EssentialFeedAPIEndToEndTests */,
				DE1CF46C2605EB87002D9BC7 /* EssentialFeedCacheIntegrationTests */,
				DE529DCE26216CAC00A2A15A /* EssentialFeedUITests */,
				DEC48ADD25EA07C800B608DC /* Info.plist */,
			);
			path = EssentialFeedTests;
			sourceTree = "<group>";
		};
		DEC48AE525EA07C800B608DC /* EssentialFeedUITests */ = {
			isa = PBXGroup;
			children = (
				DE529DDD26216D9200A2A15A /* EssentialFeedUITests.swift */,
				DE529DE726216E2600A2A15A /* EssentialFeedUITests-Bridging-Header.h */,
				DEC48AE825EA07C800B608DC /* Info.plist */,
			);
			path = EssentialFeedUITests;
			sourceTree = "<group>";
		};
		DEC48AF725EA083000B608DC /* Application */ = {
			isa = PBXGroup;
			children = (
				DEC48AC425EA07C700B608DC /* AppDelegate.swift */,
				DEC48AC625EA07C700B608DC /* SceneDelegate.swift */,
				DEC48ACF25EA07C800B608DC /* LaunchScreen.storyboard */,
			);
			path = Application;
			sourceTree = "<group>";
		};
		DEC48B0225EA08BB00B608DC /* Supporting Files */ = {
			isa = PBXGroup;
			children = (
				DEC48ACD25EA07C800B608DC /* Assets.xcassets */,
				DEC48AD225EA07C800B608DC /* Info.plist */,
			);
			path = "Supporting Files";
			sourceTree = "<group>";
		};
		DEC48B1325EA0B5700B608DC /* Feed Feature */ = {
			isa = PBXGroup;
			children = (
				DEC48B0625EA08ED00B608DC /* FeedImage.swift */,
				DEC48B0B25EA0A2D00B608DC /* FeedLoader.swift */,
			);
			path = "Feed Feature";
			sourceTree = "<group>";
		};
		DEC841C725EA1CB0000D8968 /* Feed API */ = {
			isa = PBXGroup;
			children = (
				DEC841C825EA1CD5000D8968 /* RemoteFeedLoader.swift */,
				DEECCD2025EFCB44003242CF /* FeedItemsMapper.swift */,
				DE20964525FC6D8B0096F017 /* RemoteFeedItem.swift */,
				DEECCD1B25EFCAF8003242CF /* HTTPClient.swift */,
				DE4B7C2F25F3A3A10085EEE8 /* URLSessionHTTPClient.swift */,
			);
			path = "Feed API";
			sourceTree = "<group>";
		};
		DED916B525FC79810094DF8C /* Helpers */ = {
			isa = PBXGroup;
			children = (
				DED916B625FC79A40094DF8C /* FeedStoreSpy.swift */,
				DED916C325FCBC4D0094DF8C /* FeedCacheTestHelpers.swift */,
			);
			path = Helpers;
			sourceTree = "<group>";
		};
		DEDB0FFA25F4F8F3002E7B86 /* EssentialFeedAPIEndToEndTests */ = {
			isa = PBXGroup;
			children = (
				DEDB0FFE25F4F9B7002E7B86 /* EssentialFeedAPIEndToEndTests.swift */,
			);
			path = EssentialFeedAPIEndToEndTests;
			sourceTree = "<group>";
		};
		DEE872652623FD7400566400 /* Feed Image Loader */ = {
			isa = PBXGroup;
			children = (
				DEE872662623FDAE00566400 /* FeedImageDataLoader.swift */,
			);
			path = "Feed Image Loader";
			sourceTree = "<group>";
		};
		DEE8726A2623FDDD00566400 /* Feed UI */ = {
			isa = PBXGroup;
			children = (
				DEE8727726242C3C00566400 /* Composers */,
				DEE8726B2623FDEA00566400 /* Controllers */,
				DEE8726C2623FDFC00566400 /* Views */,
			);
			path = "Feed UI";
			sourceTree = "<group>";
		};
		DEE8726B2623FDEA00566400 /* Controllers */ = {
			isa = PBXGroup;
			children = (
				DE529DEC26218CDC00A2A15A /* FeedViewController.swift */,
				DEE8726F262401DE00566400 /* FeedRefreshViewController.swift */,
				DEE87273262407B500566400 /* FeedImageCellController.swift */,
			);
			path = Controllers;
			sourceTree = "<group>";
		};
		DEE8726C2623FDFC00566400 /* Views */ = {
			isa = PBXGroup;
			children = (
				DE529DF22621974A00A2A15A /* FeedImageCell.swift */,
				DE529DF62622CA6E00A2A15A /* UIView+Shimmering.swift */,
			);
			path = Views;
			sourceTree = "<group>";
		};
		DEE8727726242C3C00566400 /* Composers */ = {
			isa = PBXGroup;
			children = (
				DEE8727826242C7100566400 /* FeedUIComposer.swift */,
			);
			path = Composers;
			sourceTree = "<group>";
		};
		DEE8727E262439DE00566400 /* Feed Presentation */ = {
			isa = PBXGroup;
			children = (
				DEE87287262556A100566400 /* FeedPresenter.swift */,
				DEE8729A2625F88D00566400 /* FeedViewModel.swift */,
				DEE872962625F84F00566400 /* FeedLoadingViewModel.swift */,
				DEE872902625EC6A00566400 /* FeedImagePresenter.swift */,
				DEE8728326244D7B00566400 /* FeedImageViewModel.swift */,
			);
			path = "Feed Presentation";
			sourceTree = "<group>";
		};
		DEECCD2825EFD443003242CF /* Feed API */ = {
			isa = PBXGroup;
			children = (
				DEC48B1425EA0C3A00B608DC /* LoadFeedFromRemoteUseCaseTests.swift */,
				DE4B7C1925F329F40085EEE8 /* URLSessionHTTPClientTests.swift */,
			);
			path = "Feed API";
			sourceTree = "<group>";
		};
/* End PBXGroup section */

/* Begin PBXNativeTarget section */
		DEC48AC025EA07C700B608DC /* EssentialFeed */ = {
			isa = PBXNativeTarget;
			buildConfigurationList = DEC48AEB25EA07C800B608DC /* Build configuration list for PBXNativeTarget "EssentialFeed" */;
			buildPhases = (
				DEC48ABD25EA07C700B608DC /* Sources */,
				DEC48ABE25EA07C700B608DC /* Frameworks */,
				DEC48ABF25EA07C700B608DC /* Resources */,
				DE30FD2B260F2D5400F01135 /* Embed Frameworks */,
			);
			buildRules = (
			);
			dependencies = (
			);
			name = EssentialFeed;
			productName = EssentialFeed;
			productReference = DEC48AC125EA07C700B608DC /* EssentialFeed.app */;
			productType = "com.apple.product-type.application";
		};
		DEC48AD625EA07C800B608DC /* EssentialFeedTests */ = {
			isa = PBXNativeTarget;
			buildConfigurationList = DEC48AEE25EA07C800B608DC /* Build configuration list for PBXNativeTarget "EssentialFeedTests" */;
			buildPhases = (
				DEC48AD325EA07C800B608DC /* Sources */,
				DEC48AD425EA07C800B608DC /* Frameworks */,
				DEC48AD525EA07C800B608DC /* Resources */,
			);
			buildRules = (
			);
			dependencies = (
				DEC48AD925EA07C800B608DC /* PBXTargetDependency */,
			);
			name = EssentialFeedTests;
			productName = EssentialFeedTests;
			productReference = DEC48AD725EA07C800B608DC /* EssentialFeedTests.xctest */;
			productType = "com.apple.product-type.bundle.unit-test";
		};
		DEC48AE125EA07C800B608DC /* EssentialFeedUITests */ = {
			isa = PBXNativeTarget;
			buildConfigurationList = DEC48AF125EA07C800B608DC /* Build configuration list for PBXNativeTarget "EssentialFeedUITests" */;
			buildPhases = (
				DEC48ADE25EA07C800B608DC /* Sources */,
				DEC48ADF25EA07C800B608DC /* Frameworks */,
				DEC48AE025EA07C800B608DC /* Resources */,
			);
			buildRules = (
			);
			dependencies = (
				DEC48AE425EA07C800B608DC /* PBXTargetDependency */,
			);
			name = EssentialFeedUITests;
			productName = EssentialFeedUITests;
			productReference = DEC48AE225EA07C800B608DC /* EssentialFeedUITests.xctest */;
			productType = "com.apple.product-type.bundle.ui-testing";
		};
/* End PBXNativeTarget section */

/* Begin PBXProject section */
		DEC48AB925EA07C700B608DC /* Project object */ = {
			isa = PBXProject;
			attributes = {
				LastSwiftUpdateCheck = 1240;
				LastUpgradeCheck = 1240;
				TargetAttributes = {
					DEC48AC025EA07C700B608DC = {
						CreatedOnToolsVersion = 12.4;
					};
					DEC48AD625EA07C800B608DC = {
						CreatedOnToolsVersion = 12.4;
						TestTargetID = DEC48AC025EA07C700B608DC;
					};
					DEC48AE125EA07C800B608DC = {
						CreatedOnToolsVersion = 12.4;
						LastSwiftMigration = 1240;
						TestTargetID = DEC48AC025EA07C700B608DC;
					};
				};
			};
			buildConfigurationList = DEC48ABC25EA07C700B608DC /* Build configuration list for PBXProject "EssentialFeed" */;
			compatibilityVersion = "Xcode 9.3";
			developmentRegion = en;
			hasScannedForEncodings = 0;
			knownRegions = (
				en,
				Base,
			);
			mainGroup = DEC48AB825EA07C700B608DC;
			productRefGroup = DEC48AC225EA07C700B608DC /* Products */;
			projectDirPath = "";
			projectRoot = "";
			targets = (
				DEC48AC025EA07C700B608DC /* EssentialFeed */,
				DEC48AD625EA07C800B608DC /* EssentialFeedTests */,
				DEC48AE125EA07C800B608DC /* EssentialFeedUITests */,
			);
		};
/* End PBXProject section */

/* Begin PBXResourcesBuildPhase section */
		DEC48ABF25EA07C700B608DC /* Resources */ = {
			isa = PBXResourcesBuildPhase;
			buildActionMask = 2147483647;
			files = (
				DEC48AD125EA07C800B608DC /* LaunchScreen.storyboard in Resources */,
				DEC48ACE25EA07C800B608DC /* Assets.xcassets in Resources */,
			);
			runOnlyForDeploymentPostprocessing = 0;
		};
		DEC48AD525EA07C800B608DC /* Resources */ = {
			isa = PBXResourcesBuildPhase;
			buildActionMask = 2147483647;
			files = (
			);
			runOnlyForDeploymentPostprocessing = 0;
		};
		DEC48AE025EA07C800B608DC /* Resources */ = {
			isa = PBXResourcesBuildPhase;
			buildActionMask = 2147483647;
			files = (
			);
			runOnlyForDeploymentPostprocessing = 0;
		};
/* End PBXResourcesBuildPhase section */

/* Begin PBXSourcesBuildPhase section */
		DEC48ABD25EA07C700B608DC /* Sources */ = {
			isa = PBXSourcesBuildPhase;
			buildActionMask = 2147483647;
			files = (
				DE20964E25FC6DDB0096F017 /* LocalFeedImage.swift in Sources */,
				DEC48B0725EA08ED00B608DC /* FeedImage.swift in Sources */,
				DE529DED26218CDC00A2A15A /* FeedViewController.swift in Sources */,
				DED916CE25FDFA470094DF8C /* FeedCachePolicy.swift in Sources */,
				DE20964125FC618E0096F017 /* FeedStore.swift in Sources */,
				DEE87288262556A100566400 /* FeedPresenter.swift in Sources */,
				DE20964625FC6D8B0096F017 /* RemoteFeedItem.swift in Sources */,
				DEE8729B2625F88D00566400 /* FeedViewModel.swift in Sources */,
				DEE872972625F84F00566400 /* FeedLoadingViewModel.swift in Sources */,
				DE1CF4652605E6C0002D9BC7 /* ManagedFeedImage.swift in Sources */,
				DEE8727926242C7100566400 /* FeedUIComposer.swift in Sources */,
				DE529DF32621974A00A2A15A /* FeedImageCell.swift in Sources */,
				DEE872912625EC6A00566400 /* FeedImagePresenter.swift in Sources */,
				DE1CF420260592B4002D9BC7 /* CodableFeedStore.swift in Sources */,
				DE1CF4582605E5FA002D9BC7 /* CoreDataHelpers.swift in Sources */,
				DE1CF44D2605D594002D9BC7 /* FeedStore.xcdatamodeld in Sources */,
				DE1CF4472605D3B7002D9BC7 /* CoreDataFeedStore.swift in Sources */,
				DEC48AC525EA07C700B608DC /* AppDelegate.swift in Sources */,
				DEE8728426244D7B00566400 /* FeedImageViewModel.swift in Sources */,
				DE1CF4602605E6AA002D9BC7 /* ManagedCache.swift in Sources */,
				DEECCD2125EFCB44003242CF /* FeedItemsMapper.swift in Sources */,
				DE20963C25FC60F50096F017 /* LocalFeedLoader.swift in Sources */,
				DEECCD1C25EFCAF8003242CF /* HTTPClient.swift in Sources */,
				DEE87274262407B500566400 /* FeedImageCellController.swift in Sources */,
				DEC48B0C25EA0A2D00B608DC /* FeedLoader.swift in Sources */,
				DEC841C925EA1CD5000D8968 /* RemoteFeedLoader.swift in Sources */,
				DEE872672623FDAE00566400 /* FeedImageDataLoader.swift in Sources */,
				DEE87270262401DE00566400 /* FeedRefreshViewController.swift in Sources */,
				DE529DF72622CA6E00A2A15A /* UIView+Shimmering.swift in Sources */,
				DEC48AC725EA07C700B608DC /* SceneDelegate.swift in Sources */,
				DE4B7C3025F3A3A10085EEE8 /* URLSessionHTTPClient.swift in Sources */,
			);
			runOnlyForDeploymentPostprocessing = 0;
		};
		DEC48AD325EA07C800B608DC /* Sources */ = {
			isa = PBXSourcesBuildPhase;
			buildActionMask = 2147483647;
			files = (
				DE1CF46E2605EBED002D9BC7 /* EssentialFeedCacheIntegrationTests.swift in Sources */,
				DE1CF42A2605AA15002D9BC7 /* XCTestCase+FeedStoreSpecs.swift in Sources */,
				DE3010D125FF1C3400FFD7D3 /* CodableFeedStoreTests.swift in Sources */,
				DE529DD826216D0100A2A15A /* FeedViewControllerTests.swift in Sources */,
				DEDB0FFF25F4F9B7002E7B86 /* EssentialFeedAPIEndToEndTests.swift in Sources */,
				DE1CF43F2605D31C002D9BC7 /* CoreDataFeedStoreTests.swift in Sources */,
				DE1CF42F2605CE5F002D9BC7 /* XCTestCase+FailableRetrieveFeedStoreSpecs.swift in Sources */,
				DEC48B1525EA0C3A00B608DC /* LoadFeedFromRemoteUseCaseTests.swift in Sources */,
				DED916C925FCBDCD0094DF8C /* SharedTestHelpers.swift in Sources */,
				DE4B7C1A25F329F40085EEE8 /* URLSessionHTTPClientTests.swift in Sources */,
				DE08D85225F672E800B4E98F /* CacheFeedUseCaseTests.swift in Sources */,
				DED916C425FCBC4D0094DF8C /* FeedCacheTestHelpers.swift in Sources */,
				DED916BF25FCB51B0094DF8C /* ValidateFeedCacheUseCaseTests.swift in Sources */,
				DED916B725FC79A40094DF8C /* FeedStoreSpy.swift in Sources */,
				DED916B125FC77820094DF8C /* LoadFeedFromCacheUseCaseTests.swift in Sources */,
				DE1CF4392605D0DA002D9BC7 /* XCTestCase+FailableDeleteFeedStoreSpecs.swift in Sources */,
				DE1CF4252605A91F002D9BC7 /* FeedStoreSpecs.swift in Sources */,
				DE4B7C2825F3729F0085EEE8 /* XCTestCase+MemoryLeakTracking.swift in Sources */,
				DE1CF4342605CF90002D9BC7 /* XCTestCase+FailableInsertFeedStoreSpecs.swift in Sources */,
			);
			runOnlyForDeploymentPostprocessing = 0;
		};
		DEC48ADE25EA07C800B608DC /* Sources */ = {
			isa = PBXSourcesBuildPhase;
			buildActionMask = 2147483647;
			files = (
				DE529DDE26216D9200A2A15A /* EssentialFeedUITests.swift in Sources */,
			);
			runOnlyForDeploymentPostprocessing = 0;
		};
/* End PBXSourcesBuildPhase section */

/* Begin PBXTargetDependency section */
		DEC48AD925EA07C800B608DC /* PBXTargetDependency */ = {
			isa = PBXTargetDependency;
			target = DEC48AC025EA07C700B608DC /* EssentialFeed */;
			targetProxy = DEC48AD825EA07C800B608DC /* PBXContainerItemProxy */;
		};
		DEC48AE425EA07C800B608DC /* PBXTargetDependency */ = {
			isa = PBXTargetDependency;
			target = DEC48AC025EA07C700B608DC /* EssentialFeed */;
			targetProxy = DEC48AE325EA07C800B608DC /* PBXContainerItemProxy */;
		};
/* End PBXTargetDependency section */

/* Begin PBXVariantGroup section */
		DEC48ACF25EA07C800B608DC /* LaunchScreen.storyboard */ = {
			isa = PBXVariantGroup;
			children = (
				DEC48AD025EA07C800B608DC /* Base */,
			);
			name = LaunchScreen.storyboard;
			sourceTree = "<group>";
		};
/* End PBXVariantGroup section */

/* Begin XCBuildConfiguration section */
		DEC48AE925EA07C800B608DC /* Debug */ = {
			isa = XCBuildConfiguration;
			buildSettings = {
				ALWAYS_SEARCH_USER_PATHS = NO;
				CLANG_ANALYZER_NONNULL = YES;
				CLANG_ANALYZER_NUMBER_OBJECT_CONVERSION = YES_AGGRESSIVE;
				CLANG_CXX_LANGUAGE_STANDARD = "gnu++14";
				CLANG_CXX_LIBRARY = "libc++";
				CLANG_ENABLE_MODULES = YES;
				CLANG_ENABLE_OBJC_ARC = YES;
				CLANG_ENABLE_OBJC_WEAK = YES;
				CLANG_WARN_BLOCK_CAPTURE_AUTORELEASING = YES;
				CLANG_WARN_BOOL_CONVERSION = YES;
				CLANG_WARN_COMMA = YES;
				CLANG_WARN_CONSTANT_CONVERSION = YES;
				CLANG_WARN_DEPRECATED_OBJC_IMPLEMENTATIONS = YES;
				CLANG_WARN_DIRECT_OBJC_ISA_USAGE = YES_ERROR;
				CLANG_WARN_DOCUMENTATION_COMMENTS = YES;
				CLANG_WARN_EMPTY_BODY = YES;
				CLANG_WARN_ENUM_CONVERSION = YES;
				CLANG_WARN_INFINITE_RECURSION = YES;
				CLANG_WARN_INT_CONVERSION = YES;
				CLANG_WARN_NON_LITERAL_NULL_CONVERSION = YES;
				CLANG_WARN_OBJC_IMPLICIT_RETAIN_SELF = YES;
				CLANG_WARN_OBJC_LITERAL_CONVERSION = YES;
				CLANG_WARN_OBJC_ROOT_CLASS = YES_ERROR;
				CLANG_WARN_QUOTED_INCLUDE_IN_FRAMEWORK_HEADER = YES;
				CLANG_WARN_RANGE_LOOP_ANALYSIS = YES;
				CLANG_WARN_STRICT_PROTOTYPES = YES;
				CLANG_WARN_SUSPICIOUS_MOVE = YES;
				CLANG_WARN_UNGUARDED_AVAILABILITY = YES_AGGRESSIVE;
				CLANG_WARN_UNREACHABLE_CODE = YES;
				CLANG_WARN__DUPLICATE_METHOD_MATCH = YES;
				COPY_PHASE_STRIP = NO;
				DEBUG_INFORMATION_FORMAT = dwarf;
				ENABLE_STRICT_OBJC_MSGSEND = YES;
				ENABLE_TESTABILITY = YES;
				GCC_C_LANGUAGE_STANDARD = gnu11;
				GCC_DYNAMIC_NO_PIC = NO;
				GCC_NO_COMMON_BLOCKS = YES;
				GCC_OPTIMIZATION_LEVEL = 0;
				GCC_PREPROCESSOR_DEFINITIONS = (
					"DEBUG=1",
					"$(inherited)",
				);
				GCC_WARN_64_TO_32_BIT_CONVERSION = YES;
				GCC_WARN_ABOUT_RETURN_TYPE = YES_ERROR;
				GCC_WARN_UNDECLARED_SELECTOR = YES;
				GCC_WARN_UNINITIALIZED_AUTOS = YES_AGGRESSIVE;
				GCC_WARN_UNUSED_FUNCTION = YES;
				GCC_WARN_UNUSED_VARIABLE = YES;
				IPHONEOS_DEPLOYMENT_TARGET = 14.4;
				MTL_ENABLE_DEBUG_INFO = INCLUDE_SOURCE;
				MTL_FAST_MATH = YES;
				ONLY_ACTIVE_ARCH = YES;
				SDKROOT = iphoneos;
				SWIFT_ACTIVE_COMPILATION_CONDITIONS = DEBUG;
				SWIFT_OPTIMIZATION_LEVEL = "-Onone";
			};
			name = Debug;
		};
		DEC48AEA25EA07C800B608DC /* Release */ = {
			isa = XCBuildConfiguration;
			buildSettings = {
				ALWAYS_SEARCH_USER_PATHS = NO;
				CLANG_ANALYZER_NONNULL = YES;
				CLANG_ANALYZER_NUMBER_OBJECT_CONVERSION = YES_AGGRESSIVE;
				CLANG_CXX_LANGUAGE_STANDARD = "gnu++14";
				CLANG_CXX_LIBRARY = "libc++";
				CLANG_ENABLE_MODULES = YES;
				CLANG_ENABLE_OBJC_ARC = YES;
				CLANG_ENABLE_OBJC_WEAK = YES;
				CLANG_WARN_BLOCK_CAPTURE_AUTORELEASING = YES;
				CLANG_WARN_BOOL_CONVERSION = YES;
				CLANG_WARN_COMMA = YES;
				CLANG_WARN_CONSTANT_CONVERSION = YES;
				CLANG_WARN_DEPRECATED_OBJC_IMPLEMENTATIONS = YES;
				CLANG_WARN_DIRECT_OBJC_ISA_USAGE = YES_ERROR;
				CLANG_WARN_DOCUMENTATION_COMMENTS = YES;
				CLANG_WARN_EMPTY_BODY = YES;
				CLANG_WARN_ENUM_CONVERSION = YES;
				CLANG_WARN_INFINITE_RECURSION = YES;
				CLANG_WARN_INT_CONVERSION = YES;
				CLANG_WARN_NON_LITERAL_NULL_CONVERSION = YES;
				CLANG_WARN_OBJC_IMPLICIT_RETAIN_SELF = YES;
				CLANG_WARN_OBJC_LITERAL_CONVERSION = YES;
				CLANG_WARN_OBJC_ROOT_CLASS = YES_ERROR;
				CLANG_WARN_QUOTED_INCLUDE_IN_FRAMEWORK_HEADER = YES;
				CLANG_WARN_RANGE_LOOP_ANALYSIS = YES;
				CLANG_WARN_STRICT_PROTOTYPES = YES;
				CLANG_WARN_SUSPICIOUS_MOVE = YES;
				CLANG_WARN_UNGUARDED_AVAILABILITY = YES_AGGRESSIVE;
				CLANG_WARN_UNREACHABLE_CODE = YES;
				CLANG_WARN__DUPLICATE_METHOD_MATCH = YES;
				COPY_PHASE_STRIP = NO;
				DEBUG_INFORMATION_FORMAT = "dwarf-with-dsym";
				ENABLE_NS_ASSERTIONS = NO;
				ENABLE_STRICT_OBJC_MSGSEND = YES;
				GCC_C_LANGUAGE_STANDARD = gnu11;
				GCC_NO_COMMON_BLOCKS = YES;
				GCC_WARN_64_TO_32_BIT_CONVERSION = YES;
				GCC_WARN_ABOUT_RETURN_TYPE = YES_ERROR;
				GCC_WARN_UNDECLARED_SELECTOR = YES;
				GCC_WARN_UNINITIALIZED_AUTOS = YES_AGGRESSIVE;
				GCC_WARN_UNUSED_FUNCTION = YES;
				GCC_WARN_UNUSED_VARIABLE = YES;
				IPHONEOS_DEPLOYMENT_TARGET = 14.4;
				MTL_ENABLE_DEBUG_INFO = NO;
				MTL_FAST_MATH = YES;
				SDKROOT = iphoneos;
				SWIFT_COMPILATION_MODE = wholemodule;
				SWIFT_OPTIMIZATION_LEVEL = "-O";
				VALIDATE_PRODUCT = YES;
			};
			name = Release;
		};
		DEC48AEC25EA07C800B608DC /* Debug */ = {
			isa = XCBuildConfiguration;
			buildSettings = {
				ASSETCATALOG_COMPILER_APPICON_NAME = AppIcon;
				ASSETCATALOG_COMPILER_GLOBAL_ACCENT_COLOR_NAME = AccentColor;
				CODE_SIGN_STYLE = Automatic;
				DEVELOPMENT_TEAM = B8QRU3Z535;
				INFOPLIST_FILE = "EssentialFeed/Supporting Files/Info.plist";
				LD_RUNPATH_SEARCH_PATHS = (
					"$(inherited)",
					"@executable_path/Frameworks",
				);
				PRODUCT_BUNDLE_IDENTIFIER = com.terry.EssentialFeed;
				PRODUCT_NAME = "$(TARGET_NAME)";
				SWIFT_VERSION = 5.0;
				TARGETED_DEVICE_FAMILY = "1,2";
			};
			name = Debug;
		};
		DEC48AED25EA07C800B608DC /* Release */ = {
			isa = XCBuildConfiguration;
			buildSettings = {
				ASSETCATALOG_COMPILER_APPICON_NAME = AppIcon;
				ASSETCATALOG_COMPILER_GLOBAL_ACCENT_COLOR_NAME = AccentColor;
				CODE_SIGN_STYLE = Automatic;
				DEVELOPMENT_TEAM = B8QRU3Z535;
				INFOPLIST_FILE = "EssentialFeed/Supporting Files/Info.plist";
				LD_RUNPATH_SEARCH_PATHS = (
					"$(inherited)",
					"@executable_path/Frameworks",
				);
				PRODUCT_BUNDLE_IDENTIFIER = com.terry.EssentialFeed;
				PRODUCT_NAME = "$(TARGET_NAME)";
				SWIFT_VERSION = 5.0;
				TARGETED_DEVICE_FAMILY = "1,2";
			};
			name = Release;
		};
		DEC48AEF25EA07C800B608DC /* Debug */ = {
			isa = XCBuildConfiguration;
			buildSettings = {
				ALWAYS_EMBED_SWIFT_STANDARD_LIBRARIES = YES;
				BUNDLE_LOADER = "$(TEST_HOST)";
				CODE_SIGN_STYLE = Automatic;
				DEVELOPMENT_TEAM = QPTS7A9V9F;
				INFOPLIST_FILE = EssentialFeedTests/Info.plist;
				IPHONEOS_DEPLOYMENT_TARGET = 14.4;
				LD_RUNPATH_SEARCH_PATHS = (
					"$(inherited)",
					"@executable_path/Frameworks",
					"@loader_path/Frameworks",
				);
				PRODUCT_BUNDLE_IDENTIFIER = com.terry.EssentialFeedTests;
				PRODUCT_NAME = "$(TARGET_NAME)";
				SWIFT_VERSION = 5.0;
				TARGETED_DEVICE_FAMILY = "1,2";
				TEST_HOST = "$(BUILT_PRODUCTS_DIR)/EssentialFeed.app/EssentialFeed";
			};
			name = Debug;
		};
		DEC48AF025EA07C800B608DC /* Release */ = {
			isa = XCBuildConfiguration;
			buildSettings = {
				ALWAYS_EMBED_SWIFT_STANDARD_LIBRARIES = YES;
				BUNDLE_LOADER = "$(TEST_HOST)";
				CODE_SIGN_STYLE = Automatic;
				DEVELOPMENT_TEAM = QPTS7A9V9F;
				INFOPLIST_FILE = EssentialFeedTests/Info.plist;
				IPHONEOS_DEPLOYMENT_TARGET = 14.4;
				LD_RUNPATH_SEARCH_PATHS = (
					"$(inherited)",
					"@executable_path/Frameworks",
					"@loader_path/Frameworks",
				);
				PRODUCT_BUNDLE_IDENTIFIER = com.terry.EssentialFeedTests;
				PRODUCT_NAME = "$(TARGET_NAME)";
				SWIFT_VERSION = 5.0;
				TARGETED_DEVICE_FAMILY = "1,2";
				TEST_HOST = "$(BUILT_PRODUCTS_DIR)/EssentialFeed.app/EssentialFeed";
			};
			name = Release;
		};
		DEC48AF225EA07C800B608DC /* Debug */ = {
			isa = XCBuildConfiguration;
			buildSettings = {
				ALWAYS_EMBED_SWIFT_STANDARD_LIBRARIES = YES;
				CLANG_ENABLE_MODULES = YES;
				CODE_SIGN_STYLE = Automatic;
				DEVELOPMENT_TEAM = QPTS7A9V9F;
				INFOPLIST_FILE = EssentialFeedUITests/Info.plist;
				LD_RUNPATH_SEARCH_PATHS = (
					"$(inherited)",
					"@executable_path/Frameworks",
					"@loader_path/Frameworks",
				);
				PRODUCT_BUNDLE_IDENTIFIER = com.terry.EssentialFeedUITests;
				PRODUCT_NAME = "$(TARGET_NAME)";
				SWIFT_OBJC_BRIDGING_HEADER = "EssentialFeedUITests/EssentialFeedUITests-Bridging-Header.h";
				SWIFT_OPTIMIZATION_LEVEL = "-Onone";
				SWIFT_VERSION = 5.0;
				TARGETED_DEVICE_FAMILY = "1,2";
				TEST_TARGET_NAME = EssentialFeed;
			};
			name = Debug;
		};
		DEC48AF325EA07C800B608DC /* Release */ = {
			isa = XCBuildConfiguration;
			buildSettings = {
				ALWAYS_EMBED_SWIFT_STANDARD_LIBRARIES = YES;
				CLANG_ENABLE_MODULES = YES;
				CODE_SIGN_STYLE = Automatic;
				DEVELOPMENT_TEAM = QPTS7A9V9F;
				INFOPLIST_FILE = EssentialFeedUITests/Info.plist;
				LD_RUNPATH_SEARCH_PATHS = (
					"$(inherited)",
					"@executable_path/Frameworks",
					"@loader_path/Frameworks",
				);
				PRODUCT_BUNDLE_IDENTIFIER = com.terry.EssentialFeedUITests;
				PRODUCT_NAME = "$(TARGET_NAME)";
				SWIFT_OBJC_BRIDGING_HEADER = "EssentialFeedUITests/EssentialFeedUITests-Bridging-Header.h";
				SWIFT_VERSION = 5.0;
				TARGETED_DEVICE_FAMILY = "1,2";
				TEST_TARGET_NAME = EssentialFeed;
			};
			name = Release;
		};
/* End XCBuildConfiguration section */

/* Begin XCConfigurationList section */
		DEC48ABC25EA07C700B608DC /* Build configuration list for PBXProject "EssentialFeed" */ = {
			isa = XCConfigurationList;
			buildConfigurations = (
				DEC48AE925EA07C800B608DC /* Debug */,
				DEC48AEA25EA07C800B608DC /* Release */,
			);
			defaultConfigurationIsVisible = 0;
			defaultConfigurationName = Release;
		};
		DEC48AEB25EA07C800B608DC /* Build configuration list for PBXNativeTarget "EssentialFeed" */ = {
			isa = XCConfigurationList;
			buildConfigurations = (
				DEC48AEC25EA07C800B608DC /* Debug */,
				DEC48AED25EA07C800B608DC /* Release */,
			);
			defaultConfigurationIsVisible = 0;
			defaultConfigurationName = Release;
		};
		DEC48AEE25EA07C800B608DC /* Build configuration list for PBXNativeTarget "EssentialFeedTests" */ = {
			isa = XCConfigurationList;
			buildConfigurations = (
				DEC48AEF25EA07C800B608DC /* Debug */,
				DEC48AF025EA07C800B608DC /* Release */,
			);
			defaultConfigurationIsVisible = 0;
			defaultConfigurationName = Release;
		};
		DEC48AF125EA07C800B608DC /* Build configuration list for PBXNativeTarget "EssentialFeedUITests" */ = {
			isa = XCConfigurationList;
			buildConfigurations = (
				DEC48AF225EA07C800B608DC /* Debug */,
				DEC48AF325EA07C800B608DC /* Release */,
			);
			defaultConfigurationIsVisible = 0;
			defaultConfigurationName = Release;
		};
/* End XCConfigurationList section */

/* Begin XCVersionGroup section */
		DE1CF44B2605D594002D9BC7 /* FeedStore.xcdatamodeld */ = {
			isa = XCVersionGroup;
			children = (
				DE1CF44C2605D594002D9BC7 /* FeedStore.xcdatamodel */,
			);
			currentVersion = DE1CF44C2605D594002D9BC7 /* FeedStore.xcdatamodel */;
			path = FeedStore.xcdatamodeld;
			sourceTree = "<group>";
			versionGroupType = wrapper.xcdatamodel;
		};
/* End XCVersionGroup section */
	};
	rootObject = DEC48AB925EA07C700B608DC /* Project object */;
}
