// !$*UTF8*$!
{
	archiveVersion = 1;
	classes = {
	};
	objectVersion = 50;
	objects = {

/* Begin PBXBuildFile section */
		DE004B74265DEBA000E17565 /* FeedLoaderWithFallbackCompositeTests.swift in Sources */ = {isa = PBXBuildFile; fileRef = DE004B73265DEBA000E17565 /* FeedLoaderWithFallbackCompositeTests.swift */; };
		DE004B76265E1FC500E17565 /* FeedLoaderWithFallbackComposite.swift in Sources */ = {isa = PBXBuildFile; fileRef = DE004B75265E1FC500E17565 /* FeedLoaderWithFallbackComposite.swift */; };
		DE004B78265E215900E17565 /* FeedImageDataLoaderWithFallbackCompositeTests.swift in Sources */ = {isa = PBXBuildFile; fileRef = DE004B77265E215900E17565 /* FeedImageDataLoaderWithFallbackCompositeTests.swift */; };
		DE004B7A265E264A00E17565 /* FeedImageDataLoaderWithFallbackComposite.swift in Sources */ = {isa = PBXBuildFile; fileRef = DE004B79265E264A00E17565 /* FeedImageDataLoaderWithFallbackComposite.swift */; };
		DE08D85225F672E800B4E98F /* CacheFeedUseCaseTests.swift in Sources */ = {isa = PBXBuildFile; fileRef = DE08D85125F672E800B4E98F /* CacheFeedUseCaseTests.swift */; };
		DE0C6C54265CE30C00264CAA /* CoreDataFeedStore+FeedImageDataLoader.swift in Sources */ = {isa = PBXBuildFile; fileRef = DE0C6C53265CE30C00264CAA /* CoreDataFeedStore+FeedImageDataLoader.swift */; };
		DE0C6C56265CE6C300264CAA /* CoreDataFeedStore+FeedStore.swift in Sources */ = {isa = PBXBuildFile; fileRef = DE0C6C55265CE6C300264CAA /* CoreDataFeedStore+FeedStore.swift */; };
		DE1CF420260592B4002D9BC7 /* CodableFeedStore.swift in Sources */ = {isa = PBXBuildFile; fileRef = DE1CF41F260592B4002D9BC7 /* CodableFeedStore.swift */; };
		DE1CF4252605A91F002D9BC7 /* FeedStoreSpecs.swift in Sources */ = {isa = PBXBuildFile; fileRef = DE1CF4242605A91F002D9BC7 /* FeedStoreSpecs.swift */; };
		DE1CF42A2605AA15002D9BC7 /* XCTestCase+FeedStoreSpecs.swift in Sources */ = {isa = PBXBuildFile; fileRef = DE1CF4292605AA15002D9BC7 /* XCTestCase+FeedStoreSpecs.swift */; };
		DE1CF42F2605CE5F002D9BC7 /* XCTestCase+FailableRetrieveFeedStoreSpecs.swift in Sources */ = {isa = PBXBuildFile; fileRef = DE1CF42E2605CE5F002D9BC7 /* XCTestCase+FailableRetrieveFeedStoreSpecs.swift */; };
		DE1CF4342605CF90002D9BC7 /* XCTestCase+FailableInsertFeedStoreSpecs.swift in Sources */ = {isa = PBXBuildFile; fileRef = DE1CF4332605CF90002D9BC7 /* XCTestCase+FailableInsertFeedStoreSpecs.swift */; };
		DE1CF4392605D0DA002D9BC7 /* XCTestCase+FailableDeleteFeedStoreSpecs.swift in Sources */ = {isa = PBXBuildFile; fileRef = DE1CF4382605D0DA002D9BC7 /* XCTestCase+FailableDeleteFeedStoreSpecs.swift */; };
		DE1CF43F2605D31C002D9BC7 /* CoreDataFeedStoreTests.swift in Sources */ = {isa = PBXBuildFile; fileRef = DE1CF43E2605D31C002D9BC7 /* CoreDataFeedStoreTests.swift */; };
		DE1CF4472605D3B7002D9BC7 /* CoreDataFeedStore.swift in Sources */ = {isa = PBXBuildFile; fileRef = DE1CF4462605D3B7002D9BC7 /* CoreDataFeedStore.swift */; };
		DE1CF44D2605D594002D9BC7 /* FeedStore.xcdatamodeld in Sources */ = {isa = PBXBuildFile; fileRef = DE1CF44B2605D594002D9BC7 /* FeedStore.xcdatamodeld */; };
		DE1CF4582605E5FA002D9BC7 /* CoreDataHelpers.swift in Sources */ = {isa = PBXBuildFile; fileRef = DE1CF4572605E5FA002D9BC7 /* CoreDataHelpers.swift */; };
		DE1CF4602605E6AA002D9BC7 /* ManagedCache.swift in Sources */ = {isa = PBXBuildFile; fileRef = DE1CF45F2605E6AA002D9BC7 /* ManagedCache.swift */; };
		DE1CF4652605E6C0002D9BC7 /* ManagedFeedImage.swift in Sources */ = {isa = PBXBuildFile; fileRef = DE1CF4642605E6C0002D9BC7 /* ManagedFeedImage.swift */; };
		DE1CF46E2605EBED002D9BC7 /* EssentialFeedCacheIntegrationTests.swift in Sources */ = {isa = PBXBuildFile; fileRef = DE1CF46D2605EBED002D9BC7 /* EssentialFeedCacheIntegrationTests.swift */; };
		DE20963C25FC60F50096F017 /* LocalFeedLoader.swift in Sources */ = {isa = PBXBuildFile; fileRef = DE20963B25FC60F50096F017 /* LocalFeedLoader.swift */; };
		DE20964125FC618E0096F017 /* FeedStore.swift in Sources */ = {isa = PBXBuildFile; fileRef = DE20964025FC618E0096F017 /* FeedStore.swift */; };
		DE20964625FC6D8B0096F017 /* RemoteFeedItem.swift in Sources */ = {isa = PBXBuildFile; fileRef = DE20964525FC6D8B0096F017 /* RemoteFeedItem.swift */; };
		DE20964E25FC6DDB0096F017 /* LocalFeedImage.swift in Sources */ = {isa = PBXBuildFile; fileRef = DE20964D25FC6DDB0096F017 /* LocalFeedImage.swift */; };
		DE23ADAB264CDE1D00EF8827 /* ErrorView.swift in Sources */ = {isa = PBXBuildFile; fileRef = DE23ADAA264CDE1D00EF8827 /* ErrorView.swift */; };
		DE23ADAE264CE0E200EF8827 /* FeedErrorViewModel.swift in Sources */ = {isa = PBXBuildFile; fileRef = DE23ADAD264CE0E200EF8827 /* FeedErrorViewModel.swift */; };
		DE23ADB0264CE12B00EF8827 /* UIRefreshControl+Helpers.swift in Sources */ = {isa = PBXBuildFile; fileRef = DE23ADAF264CE12B00EF8827 /* UIRefreshControl+Helpers.swift */; };
		DE23ADB2264CE35100EF8827 /* FeedPresenterTests.swift in Sources */ = {isa = PBXBuildFile; fileRef = DE23ADB1264CE35100EF8827 /* FeedPresenterTests.swift */; };
		DE24CE542657436A003C59F0 /* CoreDataFeedImageDataStoreTests.swift in Sources */ = {isa = PBXBuildFile; fileRef = DE24CE532657436A003C59F0 /* CoreDataFeedImageDataStoreTests.swift */; };
		DE29710F2656073F00B37403 /* LoadFeedImageDataFromRemoteUseCaseTests.swift in Sources */ = {isa = PBXBuildFile; fileRef = DE29710E2656073F00B37403 /* LoadFeedImageDataFromRemoteUseCaseTests.swift */; };
		DE2971122656135000B37403 /* HTTPClientSpy.swift in Sources */ = {isa = PBXBuildFile; fileRef = DE2971112656135000B37403 /* HTTPClientSpy.swift */; };
		DE29711426562AE400B37403 /* RemoteFeedImageDataLoader.swift in Sources */ = {isa = PBXBuildFile; fileRef = DE29711326562AE400B37403 /* RemoteFeedImageDataLoader.swift */; };
		DE2971172656318F00B37403 /* HTTPURLResponse+StatusCode.swift in Sources */ = {isa = PBXBuildFile; fileRef = DE2971162656318F00B37403 /* HTTPURLResponse+StatusCode.swift */; };
		DE297119265632DB00B37403 /* URLProtocolStub.swift in Sources */ = {isa = PBXBuildFile; fileRef = DE297118265632DA00B37403 /* URLProtocolStub.swift */; };
		DE29711B265637DA00B37403 /* LoadFeedImageDataFromCacheUseCaseTests.swift in Sources */ = {isa = PBXBuildFile; fileRef = DE29711A265637DA00B37403 /* LoadFeedImageDataFromCacheUseCaseTests.swift */; };
		DE29711D26563CAE00B37403 /* LocalFeedImageDataLoader.swift in Sources */ = {isa = PBXBuildFile; fileRef = DE29711C26563CAE00B37403 /* LocalFeedImageDataLoader.swift */; };
		DE29711F26563CBF00B37403 /* FeedImageDataStore.swift in Sources */ = {isa = PBXBuildFile; fileRef = DE29711E26563CBF00B37403 /* FeedImageDataStore.swift */; };
		DE297121265642C300B37403 /* FeedImageDataStoreSpy.swift in Sources */ = {isa = PBXBuildFile; fileRef = DE297120265642C300B37403 /* FeedImageDataStoreSpy.swift */; };
		DE2971232656439600B37403 /* CacheFeedImageDataUseCaseTests.swift in Sources */ = {isa = PBXBuildFile; fileRef = DE2971222656439600B37403 /* CacheFeedImageDataUseCaseTests.swift */; };
		DE3010D125FF1C3400FFD7D3 /* CodableFeedStoreTests.swift in Sources */ = {isa = PBXBuildFile; fileRef = DE3010D025FF1C3400FFD7D3 /* CodableFeedStoreTests.swift */; };
		DE3AE7E9264C12920014FA28 /* MainQueueDispatchDecorator.swift in Sources */ = {isa = PBXBuildFile; fileRef = DE3AE7E8264C12920014FA28 /* MainQueueDispatchDecorator.swift */; };
		DE3AE7EB264C13620014FA28 /* WeakRefVirtualProxy.swift in Sources */ = {isa = PBXBuildFile; fileRef = DE3AE7EA264C13620014FA28 /* WeakRefVirtualProxy.swift */; };
		DE3AE7ED264C13A20014FA28 /* FeedImageDataLoaderPresentationAdapter.swift in Sources */ = {isa = PBXBuildFile; fileRef = DE3AE7EC264C13A20014FA28 /* FeedImageDataLoaderPresentationAdapter.swift */; };
		DE3AE7EF264C13E20014FA28 /* FeedLoaderPresentationAdapter.swift in Sources */ = {isa = PBXBuildFile; fileRef = DE3AE7EE264C13E20014FA28 /* FeedLoaderPresentationAdapter.swift */; };
		DE3AE7F1264C141A0014FA28 /* FeedViewAdapter.swift in Sources */ = {isa = PBXBuildFile; fileRef = DE3AE7F0264C141A0014FA28 /* FeedViewAdapter.swift */; };
		DE448900264ACA1D00FC6115 /* FeedUIIntegrationTests+Localization.swift in Sources */ = {isa = PBXBuildFile; fileRef = DE4488FF264ACA1D00FC6115 /* FeedUIIntegrationTests+Localization.swift */; };
		DE448902264ACAD400FC6115 /* FeedViewController+TestHelpers.swift in Sources */ = {isa = PBXBuildFile; fileRef = DE448901264ACAD400FC6115 /* FeedViewController+TestHelpers.swift */; };
		DE448904264ACB5800FC6115 /* FeedImageCell+TestHelpers.swift in Sources */ = {isa = PBXBuildFile; fileRef = DE448903264ACB5800FC6115 /* FeedImageCell+TestHelpers.swift */; };
		DE448906264ACBB100FC6115 /* FeedUIIntegrationTests+LoaderSpy.swift in Sources */ = {isa = PBXBuildFile; fileRef = DE448905264ACBB100FC6115 /* FeedUIIntegrationTests+LoaderSpy.swift */; };
		DE448908264ACC5B00FC6115 /* FeedUIIntegrationTests+Assertions.swift in Sources */ = {isa = PBXBuildFile; fileRef = DE448907264ACC5B00FC6115 /* FeedUIIntegrationTests+Assertions.swift */; };
		DE44890A264ACCC900FC6115 /* UIImage+TestHelpers.swift in Sources */ = {isa = PBXBuildFile; fileRef = DE448909264ACCC900FC6115 /* UIImage+TestHelpers.swift */; };
		DE44890C264ACCF300FC6115 /* UIRefreshControl+TestHelpers.swift in Sources */ = {isa = PBXBuildFile; fileRef = DE44890B264ACCF300FC6115 /* UIRefreshControl+TestHelpers.swift */; };
		DE44890E264ACD3000FC6115 /* UIButton+TestHelpers.swift in Sources */ = {isa = PBXBuildFile; fileRef = DE44890D264ACD3000FC6115 /* UIButton+TestHelpers.swift */; };
		DE448911264ACE4F00FC6115 /* UIControl+TestHelpers.swift in Sources */ = {isa = PBXBuildFile; fileRef = DE448910264ACE4F00FC6115 /* UIControl+TestHelpers.swift */; };
		DE448912264ACEDC00FC6115 /* Feed.strings in Resources */ = {isa = PBXBuildFile; fileRef = DE448914264ACEDC00FC6115 /* Feed.strings */; };
		DE44891B264AD07B00FC6115 /* FeedLocalizationTests.swift in Sources */ = {isa = PBXBuildFile; fileRef = DE44891A264AD07B00FC6115 /* FeedLocalizationTests.swift */; };
		DE4B7C1A25F329F40085EEE8 /* URLSessionHTTPClientTests.swift in Sources */ = {isa = PBXBuildFile; fileRef = DE4B7C1925F329F40085EEE8 /* URLSessionHTTPClientTests.swift */; };
		DE4B7C2825F3729F0085EEE8 /* XCTestCase+MemoryLeakTracking.swift in Sources */ = {isa = PBXBuildFile; fileRef = DE4B7C2725F3729F0085EEE8 /* XCTestCase+MemoryLeakTracking.swift */; };
		DE4B7C3025F3A3A10085EEE8 /* URLSessionHTTPClient.swift in Sources */ = {isa = PBXBuildFile; fileRef = DE4B7C2F25F3A3A10085EEE8 /* URLSessionHTTPClient.swift */; };
		DE529DD826216D0100A2A15A /* FeedUIIntegrationTests.swift in Sources */ = {isa = PBXBuildFile; fileRef = DE529DD726216D0100A2A15A /* FeedUIIntegrationTests.swift */; };
		DE529DED26218CDC00A2A15A /* FeedViewController.swift in Sources */ = {isa = PBXBuildFile; fileRef = DE529DEC26218CDC00A2A15A /* FeedViewController.swift */; };
		DE529DF32621974A00A2A15A /* FeedImageCell.swift in Sources */ = {isa = PBXBuildFile; fileRef = DE529DF22621974A00A2A15A /* FeedImageCell.swift */; };
		DE529DF72622CA6E00A2A15A /* UIView+Shimmering.swift in Sources */ = {isa = PBXBuildFile; fileRef = DE529DF62622CA6E00A2A15A /* UIView+Shimmering.swift */; };
		DE8995982668B59E00C7B80F /* FeedLoaderCacheDecoratorTests.swift in Sources */ = {isa = PBXBuildFile; fileRef = DE8995972668B59E00C7B80F /* FeedLoaderCacheDecoratorTests.swift */; };
		DE89959B2668BD5F00C7B80F /* FeedLoaderStub.swift in Sources */ = {isa = PBXBuildFile; fileRef = DE89959A2668BD5F00C7B80F /* FeedLoaderStub.swift */; };
		DE89959D2668BF0700C7B80F /* XCTestCase+FeedLoader.swift in Sources */ = {isa = PBXBuildFile; fileRef = DE89959C2668BF0700C7B80F /* XCTestCase+FeedLoader.swift */; };
		DE89959F2668CAF900C7B80F /* FeedCache.swift in Sources */ = {isa = PBXBuildFile; fileRef = DE89959E2668CAF900C7B80F /* FeedCache.swift */; };
		DE8995A12668CBD400C7B80F /* FeedLoaderCacheDecorator.swift in Sources */ = {isa = PBXBuildFile; fileRef = DE8995A02668CBD400C7B80F /* FeedLoaderCacheDecorator.swift */; };
		DE8995A32668D42A00C7B80F /* FeedImageDataLoaderCacheDecoratorTests.swift in Sources */ = {isa = PBXBuildFile; fileRef = DE8995A22668D42A00C7B80F /* FeedImageDataLoaderCacheDecoratorTests.swift */; };
		DE8995A52668D4FB00C7B80F /* FeedImageDataLoaderSpy.swift in Sources */ = {isa = PBXBuildFile; fileRef = DE8995A42668D4FB00C7B80F /* FeedImageDataLoaderSpy.swift */; };
		DE8995A72668D5FD00C7B80F /* XCTestCase+FeedImageDataLoader.swift in Sources */ = {isa = PBXBuildFile; fileRef = DE8995A62668D5FD00C7B80F /* XCTestCase+FeedImageDataLoader.swift */; };
		DE8995A92668D82600C7B80F /* FeedImageDataCache.swift in Sources */ = {isa = PBXBuildFile; fileRef = DE8995A82668D82600C7B80F /* FeedImageDataCache.swift */; };
		DE8995AB2668D8E000C7B80F /* FeedImageDataLoaderCacheDecorator.swift in Sources */ = {isa = PBXBuildFile; fileRef = DE8995AA2668D8E000C7B80F /* FeedImageDataLoaderCacheDecorator.swift */; };
		DE9612DB2669C3290012AA4D /* EssentialAppUIAcceptanceTests.swift in Sources */ = {isa = PBXBuildFile; fileRef = DE9612DA2669C3290012AA4D /* EssentialAppUIAcceptanceTests.swift */; };
		DE9612E32669F9BD0012AA4D /* DebuggingSceneDelegate.swift in Sources */ = {isa = PBXBuildFile; fileRef = DE9612E22669F9BD0012AA4D /* DebuggingSceneDelegate.swift */; };
		DEC48AC525EA07C700B608DC /* AppDelegate.swift in Sources */ = {isa = PBXBuildFile; fileRef = DEC48AC425EA07C700B608DC /* AppDelegate.swift */; };
		DEC48AC725EA07C700B608DC /* SceneDelegate.swift in Sources */ = {isa = PBXBuildFile; fileRef = DEC48AC625EA07C700B608DC /* SceneDelegate.swift */; };
		DEC48ACE25EA07C800B608DC /* Assets.xcassets in Resources */ = {isa = PBXBuildFile; fileRef = DEC48ACD25EA07C800B608DC /* Assets.xcassets */; };
		DEC48AD125EA07C800B608DC /* LaunchScreen.storyboard in Resources */ = {isa = PBXBuildFile; fileRef = DEC48ACF25EA07C800B608DC /* LaunchScreen.storyboard */; };
		DEC48B0725EA08ED00B608DC /* FeedImage.swift in Sources */ = {isa = PBXBuildFile; fileRef = DEC48B0625EA08ED00B608DC /* FeedImage.swift */; };
		DEC48B0C25EA0A2D00B608DC /* FeedLoader.swift in Sources */ = {isa = PBXBuildFile; fileRef = DEC48B0B25EA0A2D00B608DC /* FeedLoader.swift */; };
		DEC48B1525EA0C3A00B608DC /* LoadFeedFromRemoteUseCaseTests.swift in Sources */ = {isa = PBXBuildFile; fileRef = DEC48B1425EA0C3A00B608DC /* LoadFeedFromRemoteUseCaseTests.swift */; };
		DEC841C925EA1CD5000D8968 /* RemoteFeedLoader.swift in Sources */ = {isa = PBXBuildFile; fileRef = DEC841C825EA1CD5000D8968 /* RemoteFeedLoader.swift */; };
		DECC93652649624100D2887A /* Feed.storyboard in Resources */ = {isa = PBXBuildFile; fileRef = DECC93642649624100D2887A /* Feed.storyboard */; };
		DECC9367264963B200D2887A /* Feed.xcassets in Resources */ = {isa = PBXBuildFile; fileRef = DECC9366264963B200D2887A /* Feed.xcassets */; };
		DECC9369264977A200D2887A /* UITableView+Dequeueing.swift in Sources */ = {isa = PBXBuildFile; fileRef = DECC9368264977A200D2887A /* UITableView+Dequeueing.swift */; };
		DECC936B2649797300D2887A /* UIImageView+Animations.swift in Sources */ = {isa = PBXBuildFile; fileRef = DECC936A2649797300D2887A /* UIImageView+Animations.swift */; };
		DED916B125FC77820094DF8C /* LoadFeedFromCacheUseCaseTests.swift in Sources */ = {isa = PBXBuildFile; fileRef = DED916B025FC77820094DF8C /* LoadFeedFromCacheUseCaseTests.swift */; };
		DED916B725FC79A40094DF8C /* FeedStoreSpy.swift in Sources */ = {isa = PBXBuildFile; fileRef = DED916B625FC79A40094DF8C /* FeedStoreSpy.swift */; };
		DED916BF25FCB51B0094DF8C /* ValidateFeedCacheUseCaseTests.swift in Sources */ = {isa = PBXBuildFile; fileRef = DED916BE25FCB51B0094DF8C /* ValidateFeedCacheUseCaseTests.swift */; };
		DED916C425FCBC4D0094DF8C /* FeedCacheTestHelpers.swift in Sources */ = {isa = PBXBuildFile; fileRef = DED916C325FCBC4D0094DF8C /* FeedCacheTestHelpers.swift */; };
		DED916C925FCBDCD0094DF8C /* SharedTestHelpers.swift in Sources */ = {isa = PBXBuildFile; fileRef = DED916C825FCBDCD0094DF8C /* SharedTestHelpers.swift */; };
		DED916CE25FDFA470094DF8C /* FeedCachePolicy.swift in Sources */ = {isa = PBXBuildFile; fileRef = DED916CD25FDFA470094DF8C /* FeedCachePolicy.swift */; };
		DEDB0FFF25F4F9B7002E7B86 /* EssentialFeedAPIEndToEndTests.swift in Sources */ = {isa = PBXBuildFile; fileRef = DEDB0FFE25F4F9B7002E7B86 /* EssentialFeedAPIEndToEndTests.swift */; };
		DEE872672623FDAE00566400 /* FeedImageDataLoader.swift in Sources */ = {isa = PBXBuildFile; fileRef = DEE872662623FDAE00566400 /* FeedImageDataLoader.swift */; };
		DEE87274262407B500566400 /* FeedImageCellController.swift in Sources */ = {isa = PBXBuildFile; fileRef = DEE87273262407B500566400 /* FeedImageCellController.swift */; };
		DEE8727926242C7100566400 /* FeedUIComposer.swift in Sources */ = {isa = PBXBuildFile; fileRef = DEE8727826242C7100566400 /* FeedUIComposer.swift */; };
		DEE8728426244D7B00566400 /* FeedImageViewModel.swift in Sources */ = {isa = PBXBuildFile; fileRef = DEE8728326244D7B00566400 /* FeedImageViewModel.swift */; };
		DEE87288262556A100566400 /* FeedPresenter.swift in Sources */ = {isa = PBXBuildFile; fileRef = DEE87287262556A100566400 /* FeedPresenter.swift */; };
		DEE872912625EC6A00566400 /* FeedImagePresenter.swift in Sources */ = {isa = PBXBuildFile; fileRef = DEE872902625EC6A00566400 /* FeedImagePresenter.swift */; };
		DEE872972625F84F00566400 /* FeedLoadingViewModel.swift in Sources */ = {isa = PBXBuildFile; fileRef = DEE872962625F84F00566400 /* FeedLoadingViewModel.swift */; };
		DEE8729B2625F88D00566400 /* FeedViewModel.swift in Sources */ = {isa = PBXBuildFile; fileRef = DEE8729A2625F88D00566400 /* FeedViewModel.swift */; };
		DEECCD1C25EFCAF8003242CF /* HTTPClient.swift in Sources */ = {isa = PBXBuildFile; fileRef = DEECCD1B25EFCAF8003242CF /* HTTPClient.swift */; };
		DEECCD2125EFCB44003242CF /* FeedItemsMapper.swift in Sources */ = {isa = PBXBuildFile; fileRef = DEECCD2025EFCB44003242CF /* FeedItemsMapper.swift */; };
/* End PBXBuildFile section */

/* Begin PBXContainerItemProxy section */
		DE9612DD2669C3290012AA4D /* PBXContainerItemProxy */ = {
			isa = PBXContainerItemProxy;
			containerPortal = DEC48AB925EA07C700B608DC /* Project object */;
			proxyType = 1;
			remoteGlobalIDString = DEC48AC025EA07C700B608DC;
			remoteInfo = EssentialFeed;
		};
		DEC48AD825EA07C800B608DC /* PBXContainerItemProxy */ = {
			isa = PBXContainerItemProxy;
			containerPortal = DEC48AB925EA07C700B608DC /* Project object */;
			proxyType = 1;
			remoteGlobalIDString = DEC48AC025EA07C700B608DC;
			remoteInfo = EssentialFeed;
		};
/* End PBXContainerItemProxy section */

/* Begin PBXCopyFilesBuildPhase section */
		DE30FD2B260F2D5400F01135 /* Embed Frameworks */ = {
			isa = PBXCopyFilesBuildPhase;
			buildActionMask = 2147483647;
			dstPath = "";
			dstSubfolderSpec = 10;
			files = (
			);
			name = "Embed Frameworks";
			runOnlyForDeploymentPostprocessing = 0;
		};
/* End PBXCopyFilesBuildPhase section */

/* Begin PBXFileReference section */
		DE004B73265DEBA000E17565 /* FeedLoaderWithFallbackCompositeTests.swift */ = {isa = PBXFileReference; lastKnownFileType = sourcecode.swift; path = FeedLoaderWithFallbackCompositeTests.swift; sourceTree = "<group>"; };
		DE004B75265E1FC500E17565 /* FeedLoaderWithFallbackComposite.swift */ = {isa = PBXFileReference; lastKnownFileType = sourcecode.swift; path = FeedLoaderWithFallbackComposite.swift; sourceTree = "<group>"; };
		DE004B77265E215900E17565 /* FeedImageDataLoaderWithFallbackCompositeTests.swift */ = {isa = PBXFileReference; lastKnownFileType = sourcecode.swift; path = FeedImageDataLoaderWithFallbackCompositeTests.swift; sourceTree = "<group>"; };
		DE004B79265E264A00E17565 /* FeedImageDataLoaderWithFallbackComposite.swift */ = {isa = PBXFileReference; lastKnownFileType = sourcecode.swift; path = FeedImageDataLoaderWithFallbackComposite.swift; sourceTree = "<group>"; };
		DE08D85125F672E800B4E98F /* CacheFeedUseCaseTests.swift */ = {isa = PBXFileReference; lastKnownFileType = sourcecode.swift; path = CacheFeedUseCaseTests.swift; sourceTree = "<group>"; };
		DE0C6C52265CDF3C00264CAA /* FeedStore 2.xcdatamodel */ = {isa = PBXFileReference; lastKnownFileType = wrapper.xcdatamodel; path = "FeedStore 2.xcdatamodel"; sourceTree = "<group>"; };
		DE0C6C53265CE30C00264CAA /* CoreDataFeedStore+FeedImageDataLoader.swift */ = {isa = PBXFileReference; lastKnownFileType = sourcecode.swift; path = "CoreDataFeedStore+FeedImageDataLoader.swift"; sourceTree = "<group>"; };
		DE0C6C55265CE6C300264CAA /* CoreDataFeedStore+FeedStore.swift */ = {isa = PBXFileReference; lastKnownFileType = sourcecode.swift; path = "CoreDataFeedStore+FeedStore.swift"; sourceTree = "<group>"; };
		DE1CF41F260592B4002D9BC7 /* CodableFeedStore.swift */ = {isa = PBXFileReference; lastKnownFileType = sourcecode.swift; path = CodableFeedStore.swift; sourceTree = "<group>"; };
		DE1CF4242605A91F002D9BC7 /* FeedStoreSpecs.swift */ = {isa = PBXFileReference; lastKnownFileType = sourcecode.swift; path = FeedStoreSpecs.swift; sourceTree = "<group>"; };
		DE1CF4292605AA15002D9BC7 /* XCTestCase+FeedStoreSpecs.swift */ = {isa = PBXFileReference; lastKnownFileType = sourcecode.swift; path = "XCTestCase+FeedStoreSpecs.swift"; sourceTree = "<group>"; };
		DE1CF42E2605CE5F002D9BC7 /* XCTestCase+FailableRetrieveFeedStoreSpecs.swift */ = {isa = PBXFileReference; lastKnownFileType = sourcecode.swift; path = "XCTestCase+FailableRetrieveFeedStoreSpecs.swift"; sourceTree = "<group>"; };
		DE1CF4332605CF90002D9BC7 /* XCTestCase+FailableInsertFeedStoreSpecs.swift */ = {isa = PBXFileReference; lastKnownFileType = sourcecode.swift; path = "XCTestCase+FailableInsertFeedStoreSpecs.swift"; sourceTree = "<group>"; };
		DE1CF4382605D0DA002D9BC7 /* XCTestCase+FailableDeleteFeedStoreSpecs.swift */ = {isa = PBXFileReference; lastKnownFileType = sourcecode.swift; path = "XCTestCase+FailableDeleteFeedStoreSpecs.swift"; sourceTree = "<group>"; };
		DE1CF43E2605D31C002D9BC7 /* CoreDataFeedStoreTests.swift */ = {isa = PBXFileReference; lastKnownFileType = sourcecode.swift; path = CoreDataFeedStoreTests.swift; sourceTree = "<group>"; };
		DE1CF4462605D3B7002D9BC7 /* CoreDataFeedStore.swift */ = {isa = PBXFileReference; lastKnownFileType = sourcecode.swift; path = CoreDataFeedStore.swift; sourceTree = "<group>"; };
		DE1CF44C2605D594002D9BC7 /* FeedStore.xcdatamodel */ = {isa = PBXFileReference; lastKnownFileType = wrapper.xcdatamodel; path = FeedStore.xcdatamodel; sourceTree = "<group>"; };
		DE1CF4572605E5FA002D9BC7 /* CoreDataHelpers.swift */ = {isa = PBXFileReference; lastKnownFileType = sourcecode.swift; path = CoreDataHelpers.swift; sourceTree = "<group>"; };
		DE1CF45F2605E6AA002D9BC7 /* ManagedCache.swift */ = {isa = PBXFileReference; lastKnownFileType = sourcecode.swift; path = ManagedCache.swift; sourceTree = "<group>"; };
		DE1CF4642605E6C0002D9BC7 /* ManagedFeedImage.swift */ = {isa = PBXFileReference; lastKnownFileType = sourcecode.swift; path = ManagedFeedImage.swift; sourceTree = "<group>"; };
		DE1CF46D2605EBED002D9BC7 /* EssentialFeedCacheIntegrationTests.swift */ = {isa = PBXFileReference; lastKnownFileType = sourcecode.swift; path = EssentialFeedCacheIntegrationTests.swift; sourceTree = "<group>"; };
		DE20963B25FC60F50096F017 /* LocalFeedLoader.swift */ = {isa = PBXFileReference; lastKnownFileType = sourcecode.swift; path = LocalFeedLoader.swift; sourceTree = "<group>"; };
		DE20964025FC618E0096F017 /* FeedStore.swift */ = {isa = PBXFileReference; lastKnownFileType = sourcecode.swift; path = FeedStore.swift; sourceTree = "<group>"; };
		DE20964525FC6D8B0096F017 /* RemoteFeedItem.swift */ = {isa = PBXFileReference; lastKnownFileType = sourcecode.swift; path = RemoteFeedItem.swift; sourceTree = "<group>"; };
		DE20964D25FC6DDB0096F017 /* LocalFeedImage.swift */ = {isa = PBXFileReference; lastKnownFileType = sourcecode.swift; path = LocalFeedImage.swift; sourceTree = "<group>"; };
		DE23ADAA264CDE1D00EF8827 /* ErrorView.swift */ = {isa = PBXFileReference; lastKnownFileType = sourcecode.swift; path = ErrorView.swift; sourceTree = "<group>"; };
		DE23ADAD264CE0E200EF8827 /* FeedErrorViewModel.swift */ = {isa = PBXFileReference; lastKnownFileType = sourcecode.swift; path = FeedErrorViewModel.swift; sourceTree = "<group>"; };
		DE23ADAF264CE12B00EF8827 /* UIRefreshControl+Helpers.swift */ = {isa = PBXFileReference; lastKnownFileType = sourcecode.swift; path = "UIRefreshControl+Helpers.swift"; sourceTree = "<group>"; };
		DE23ADB1264CE35100EF8827 /* FeedPresenterTests.swift */ = {isa = PBXFileReference; lastKnownFileType = sourcecode.swift; path = FeedPresenterTests.swift; sourceTree = "<group>"; };
		DE24CE532657436A003C59F0 /* CoreDataFeedImageDataStoreTests.swift */ = {isa = PBXFileReference; lastKnownFileType = sourcecode.swift; path = CoreDataFeedImageDataStoreTests.swift; sourceTree = "<group>"; };
		DE29710E2656073F00B37403 /* LoadFeedImageDataFromRemoteUseCaseTests.swift */ = {isa = PBXFileReference; lastKnownFileType = sourcecode.swift; path = LoadFeedImageDataFromRemoteUseCaseTests.swift; sourceTree = "<group>"; };
		DE2971112656135000B37403 /* HTTPClientSpy.swift */ = {isa = PBXFileReference; lastKnownFileType = sourcecode.swift; path = HTTPClientSpy.swift; sourceTree = "<group>"; };
		DE29711326562AE400B37403 /* RemoteFeedImageDataLoader.swift */ = {isa = PBXFileReference; lastKnownFileType = sourcecode.swift; path = RemoteFeedImageDataLoader.swift; sourceTree = "<group>"; };
		DE2971162656318F00B37403 /* HTTPURLResponse+StatusCode.swift */ = {isa = PBXFileReference; lastKnownFileType = sourcecode.swift; path = "HTTPURLResponse+StatusCode.swift"; sourceTree = "<group>"; };
		DE297118265632DA00B37403 /* URLProtocolStub.swift */ = {isa = PBXFileReference; lastKnownFileType = sourcecode.swift; path = URLProtocolStub.swift; sourceTree = "<group>"; };
		DE29711A265637DA00B37403 /* LoadFeedImageDataFromCacheUseCaseTests.swift */ = {isa = PBXFileReference; lastKnownFileType = sourcecode.swift; path = LoadFeedImageDataFromCacheUseCaseTests.swift; sourceTree = "<group>"; };
		DE29711C26563CAE00B37403 /* LocalFeedImageDataLoader.swift */ = {isa = PBXFileReference; lastKnownFileType = sourcecode.swift; path = LocalFeedImageDataLoader.swift; sourceTree = "<group>"; };
		DE29711E26563CBF00B37403 /* FeedImageDataStore.swift */ = {isa = PBXFileReference; lastKnownFileType = sourcecode.swift; path = FeedImageDataStore.swift; sourceTree = "<group>"; };
		DE297120265642C300B37403 /* FeedImageDataStoreSpy.swift */ = {isa = PBXFileReference; lastKnownFileType = sourcecode.swift; path = FeedImageDataStoreSpy.swift; sourceTree = "<group>"; };
		DE2971222656439600B37403 /* CacheFeedImageDataUseCaseTests.swift */ = {isa = PBXFileReference; lastKnownFileType = sourcecode.swift; path = CacheFeedImageDataUseCaseTests.swift; sourceTree = "<group>"; };
		DE3010D025FF1C3400FFD7D3 /* CodableFeedStoreTests.swift */ = {isa = PBXFileReference; lastKnownFileType = sourcecode.swift; path = CodableFeedStoreTests.swift; sourceTree = "<group>"; };
		DE3AE7E8264C12920014FA28 /* MainQueueDispatchDecorator.swift */ = {isa = PBXFileReference; lastKnownFileType = sourcecode.swift; path = MainQueueDispatchDecorator.swift; sourceTree = "<group>"; };
		DE3AE7EA264C13620014FA28 /* WeakRefVirtualProxy.swift */ = {isa = PBXFileReference; lastKnownFileType = sourcecode.swift; path = WeakRefVirtualProxy.swift; sourceTree = "<group>"; };
		DE3AE7EC264C13A20014FA28 /* FeedImageDataLoaderPresentationAdapter.swift */ = {isa = PBXFileReference; lastKnownFileType = sourcecode.swift; path = FeedImageDataLoaderPresentationAdapter.swift; sourceTree = "<group>"; };
		DE3AE7EE264C13E20014FA28 /* FeedLoaderPresentationAdapter.swift */ = {isa = PBXFileReference; lastKnownFileType = sourcecode.swift; path = FeedLoaderPresentationAdapter.swift; sourceTree = "<group>"; };
		DE3AE7F0264C141A0014FA28 /* FeedViewAdapter.swift */ = {isa = PBXFileReference; lastKnownFileType = sourcecode.swift; path = FeedViewAdapter.swift; sourceTree = "<group>"; };
		DE4488FF264ACA1D00FC6115 /* FeedUIIntegrationTests+Localization.swift */ = {isa = PBXFileReference; lastKnownFileType = sourcecode.swift; path = "FeedUIIntegrationTests+Localization.swift"; sourceTree = "<group>"; };
		DE448901264ACAD400FC6115 /* FeedViewController+TestHelpers.swift */ = {isa = PBXFileReference; lastKnownFileType = sourcecode.swift; path = "FeedViewController+TestHelpers.swift"; sourceTree = "<group>"; };
		DE448903264ACB5800FC6115 /* FeedImageCell+TestHelpers.swift */ = {isa = PBXFileReference; lastKnownFileType = sourcecode.swift; path = "FeedImageCell+TestHelpers.swift"; sourceTree = "<group>"; };
		DE448905264ACBB100FC6115 /* FeedUIIntegrationTests+LoaderSpy.swift */ = {isa = PBXFileReference; lastKnownFileType = sourcecode.swift; path = "FeedUIIntegrationTests+LoaderSpy.swift"; sourceTree = "<group>"; };
		DE448907264ACC5B00FC6115 /* FeedUIIntegrationTests+Assertions.swift */ = {isa = PBXFileReference; lastKnownFileType = sourcecode.swift; path = "FeedUIIntegrationTests+Assertions.swift"; sourceTree = "<group>"; };
		DE448909264ACCC900FC6115 /* UIImage+TestHelpers.swift */ = {isa = PBXFileReference; lastKnownFileType = sourcecode.swift; path = "UIImage+TestHelpers.swift"; sourceTree = "<group>"; };
		DE44890B264ACCF300FC6115 /* UIRefreshControl+TestHelpers.swift */ = {isa = PBXFileReference; lastKnownFileType = sourcecode.swift; path = "UIRefreshControl+TestHelpers.swift"; sourceTree = "<group>"; };
		DE44890D264ACD3000FC6115 /* UIButton+TestHelpers.swift */ = {isa = PBXFileReference; lastKnownFileType = sourcecode.swift; path = "UIButton+TestHelpers.swift"; sourceTree = "<group>"; };
		DE448910264ACE4F00FC6115 /* UIControl+TestHelpers.swift */ = {isa = PBXFileReference; lastKnownFileType = sourcecode.swift; path = "UIControl+TestHelpers.swift"; sourceTree = "<group>"; };
		DE448913264ACEDC00FC6115 /* en */ = {isa = PBXFileReference; lastKnownFileType = text.plist.strings; name = en; path = en.lproj/Feed.strings; sourceTree = "<group>"; };
		DE448916264ACF7B00FC6115 /* pt-BR */ = {isa = PBXFileReference; lastKnownFileType = text.plist.strings; name = "pt-BR"; path = "pt-BR.lproj/Feed.strings"; sourceTree = "<group>"; };
		DE448918264ACFF400FC6115 /* el */ = {isa = PBXFileReference; lastKnownFileType = text.plist.strings; name = el; path = el.lproj/Feed.strings; sourceTree = "<group>"; };
		DE44891A264AD07B00FC6115 /* FeedLocalizationTests.swift */ = {isa = PBXFileReference; lastKnownFileType = sourcecode.swift; path = FeedLocalizationTests.swift; sourceTree = "<group>"; };
		DE44891D264AD42C00FC6115 /* Base */ = {isa = PBXFileReference; lastKnownFileType = file.storyboard; name = Base; path = Base.lproj/LaunchScreen.storyboard; sourceTree = "<group>"; };
		DE4B7C1925F329F40085EEE8 /* URLSessionHTTPClientTests.swift */ = {isa = PBXFileReference; lastKnownFileType = sourcecode.swift; path = URLSessionHTTPClientTests.swift; sourceTree = "<group>"; };
		DE4B7C2725F3729F0085EEE8 /* XCTestCase+MemoryLeakTracking.swift */ = {isa = PBXFileReference; lastKnownFileType = sourcecode.swift; path = "XCTestCase+MemoryLeakTracking.swift"; sourceTree = "<group>"; };
		DE4B7C2F25F3A3A10085EEE8 /* URLSessionHTTPClient.swift */ = {isa = PBXFileReference; lastKnownFileType = sourcecode.swift; path = URLSessionHTTPClient.swift; sourceTree = "<group>"; };
		DE529DD726216D0100A2A15A /* FeedUIIntegrationTests.swift */ = {isa = PBXFileReference; lastKnownFileType = sourcecode.swift; path = FeedUIIntegrationTests.swift; sourceTree = "<group>"; };
		DE529DEC26218CDC00A2A15A /* FeedViewController.swift */ = {isa = PBXFileReference; lastKnownFileType = sourcecode.swift; path = FeedViewController.swift; sourceTree = "<group>"; };
		DE529DF22621974A00A2A15A /* FeedImageCell.swift */ = {isa = PBXFileReference; lastKnownFileType = sourcecode.swift; path = FeedImageCell.swift; sourceTree = "<group>"; };
		DE529DF62622CA6E00A2A15A /* UIView+Shimmering.swift */ = {isa = PBXFileReference; lastKnownFileType = sourcecode.swift; path = "UIView+Shimmering.swift"; sourceTree = "<group>"; };
		DE8995972668B59E00C7B80F /* FeedLoaderCacheDecoratorTests.swift */ = {isa = PBXFileReference; lastKnownFileType = sourcecode.swift; path = FeedLoaderCacheDecoratorTests.swift; sourceTree = "<group>"; };
		DE89959A2668BD5F00C7B80F /* FeedLoaderStub.swift */ = {isa = PBXFileReference; lastKnownFileType = sourcecode.swift; path = FeedLoaderStub.swift; sourceTree = "<group>"; };
		DE89959C2668BF0700C7B80F /* XCTestCase+FeedLoader.swift */ = {isa = PBXFileReference; lastKnownFileType = sourcecode.swift; path = "XCTestCase+FeedLoader.swift"; sourceTree = "<group>"; };
		DE89959E2668CAF900C7B80F /* FeedCache.swift */ = {isa = PBXFileReference; lastKnownFileType = sourcecode.swift; path = FeedCache.swift; sourceTree = "<group>"; };
		DE8995A02668CBD400C7B80F /* FeedLoaderCacheDecorator.swift */ = {isa = PBXFileReference; lastKnownFileType = sourcecode.swift; path = FeedLoaderCacheDecorator.swift; sourceTree = "<group>"; };
		DE8995A22668D42A00C7B80F /* FeedImageDataLoaderCacheDecoratorTests.swift */ = {isa = PBXFileReference; lastKnownFileType = sourcecode.swift; path = FeedImageDataLoaderCacheDecoratorTests.swift; sourceTree = "<group>"; };
		DE8995A42668D4FB00C7B80F /* FeedImageDataLoaderSpy.swift */ = {isa = PBXFileReference; lastKnownFileType = sourcecode.swift; path = FeedImageDataLoaderSpy.swift; sourceTree = "<group>"; };
		DE8995A62668D5FD00C7B80F /* XCTestCase+FeedImageDataLoader.swift */ = {isa = PBXFileReference; lastKnownFileType = sourcecode.swift; path = "XCTestCase+FeedImageDataLoader.swift"; sourceTree = "<group>"; };
		DE8995A82668D82600C7B80F /* FeedImageDataCache.swift */ = {isa = PBXFileReference; lastKnownFileType = sourcecode.swift; path = FeedImageDataCache.swift; sourceTree = "<group>"; };
		DE8995AA2668D8E000C7B80F /* FeedImageDataLoaderCacheDecorator.swift */ = {isa = PBXFileReference; lastKnownFileType = sourcecode.swift; path = FeedImageDataLoaderCacheDecorator.swift; sourceTree = "<group>"; };
		DE9612D82669C3290012AA4D /* EssentialAppUIAcceptanceTests.xctest */ = {isa = PBXFileReference; explicitFileType = wrapper.cfbundle; includeInIndex = 0; path = EssentialAppUIAcceptanceTests.xctest; sourceTree = BUILT_PRODUCTS_DIR; };
		DE9612DA2669C3290012AA4D /* EssentialAppUIAcceptanceTests.swift */ = {isa = PBXFileReference; lastKnownFileType = sourcecode.swift; path = EssentialAppUIAcceptanceTests.swift; sourceTree = "<group>"; };
		DE9612DC2669C3290012AA4D /* Info.plist */ = {isa = PBXFileReference; lastKnownFileType = text.plist.xml; path = Info.plist; sourceTree = "<group>"; };
		DE9612E22669F9BD0012AA4D /* DebuggingSceneDelegate.swift */ = {isa = PBXFileReference; lastKnownFileType = sourcecode.swift; path = DebuggingSceneDelegate.swift; sourceTree = "<group>"; };
		DEC48AC125EA07C700B608DC /* EssentialFeed.app */ = {isa = PBXFileReference; explicitFileType = wrapper.application; includeInIndex = 0; path = EssentialFeed.app; sourceTree = BUILT_PRODUCTS_DIR; };
		DEC48AC425EA07C700B608DC /* AppDelegate.swift */ = {isa = PBXFileReference; lastKnownFileType = sourcecode.swift; path = AppDelegate.swift; sourceTree = "<group>"; };
		DEC48AC625EA07C700B608DC /* SceneDelegate.swift */ = {isa = PBXFileReference; lastKnownFileType = sourcecode.swift; path = SceneDelegate.swift; sourceTree = "<group>"; };
		DEC48ACD25EA07C800B608DC /* Assets.xcassets */ = {isa = PBXFileReference; lastKnownFileType = folder.assetcatalog; path = Assets.xcassets; sourceTree = "<group>"; };
		DEC48AD225EA07C800B608DC /* Info.plist */ = {isa = PBXFileReference; lastKnownFileType = text.plist.xml; path = Info.plist; sourceTree = "<group>"; };
		DEC48AD725EA07C800B608DC /* EssentialFeedTests.xctest */ = {isa = PBXFileReference; explicitFileType = wrapper.cfbundle; includeInIndex = 0; path = EssentialFeedTests.xctest; sourceTree = BUILT_PRODUCTS_DIR; };
		DEC48ADD25EA07C800B608DC /* Info.plist */ = {isa = PBXFileReference; lastKnownFileType = text.plist.xml; path = Info.plist; sourceTree = "<group>"; };
		DEC48B0625EA08ED00B608DC /* FeedImage.swift */ = {isa = PBXFileReference; lastKnownFileType = sourcecode.swift; path = FeedImage.swift; sourceTree = "<group>"; };
		DEC48B0B25EA0A2D00B608DC /* FeedLoader.swift */ = {isa = PBXFileReference; lastKnownFileType = sourcecode.swift; path = FeedLoader.swift; sourceTree = "<group>"; };
		DEC48B1425EA0C3A00B608DC /* LoadFeedFromRemoteUseCaseTests.swift */ = {isa = PBXFileReference; lastKnownFileType = sourcecode.swift; path = LoadFeedFromRemoteUseCaseTests.swift; sourceTree = "<group>"; };
		DEC841C825EA1CD5000D8968 /* RemoteFeedLoader.swift */ = {isa = PBXFileReference; lastKnownFileType = sourcecode.swift; path = RemoteFeedLoader.swift; sourceTree = "<group>"; };
		DECC93642649624100D2887A /* Feed.storyboard */ = {isa = PBXFileReference; lastKnownFileType = file.storyboard; path = Feed.storyboard; sourceTree = "<group>"; };
		DECC9366264963B200D2887A /* Feed.xcassets */ = {isa = PBXFileReference; lastKnownFileType = folder.assetcatalog; path = Feed.xcassets; sourceTree = "<group>"; };
		DECC9368264977A200D2887A /* UITableView+Dequeueing.swift */ = {isa = PBXFileReference; lastKnownFileType = sourcecode.swift; path = "UITableView+Dequeueing.swift"; sourceTree = "<group>"; };
		DECC936A2649797300D2887A /* UIImageView+Animations.swift */ = {isa = PBXFileReference; lastKnownFileType = sourcecode.swift; path = "UIImageView+Animations.swift"; sourceTree = "<group>"; };
		DED916B025FC77820094DF8C /* LoadFeedFromCacheUseCaseTests.swift */ = {isa = PBXFileReference; lastKnownFileType = sourcecode.swift; path = LoadFeedFromCacheUseCaseTests.swift; sourceTree = "<group>"; };
		DED916B625FC79A40094DF8C /* FeedStoreSpy.swift */ = {isa = PBXFileReference; lastKnownFileType = sourcecode.swift; path = FeedStoreSpy.swift; sourceTree = "<group>"; };
		DED916BE25FCB51B0094DF8C /* ValidateFeedCacheUseCaseTests.swift */ = {isa = PBXFileReference; lastKnownFileType = sourcecode.swift; path = ValidateFeedCacheUseCaseTests.swift; sourceTree = "<group>"; };
		DED916C325FCBC4D0094DF8C /* FeedCacheTestHelpers.swift */ = {isa = PBXFileReference; lastKnownFileType = sourcecode.swift; path = FeedCacheTestHelpers.swift; sourceTree = "<group>"; };
		DED916C825FCBDCD0094DF8C /* SharedTestHelpers.swift */ = {isa = PBXFileReference; lastKnownFileType = sourcecode.swift; path = SharedTestHelpers.swift; sourceTree = "<group>"; };
		DED916CD25FDFA470094DF8C /* FeedCachePolicy.swift */ = {isa = PBXFileReference; lastKnownFileType = sourcecode.swift; path = FeedCachePolicy.swift; sourceTree = "<group>"; };
		DEDB0FFE25F4F9B7002E7B86 /* EssentialFeedAPIEndToEndTests.swift */ = {isa = PBXFileReference; lastKnownFileType = sourcecode.swift; path = EssentialFeedAPIEndToEndTests.swift; sourceTree = "<group>"; };
		DEE872662623FDAE00566400 /* FeedImageDataLoader.swift */ = {isa = PBXFileReference; lastKnownFileType = sourcecode.swift; path = FeedImageDataLoader.swift; sourceTree = "<group>"; };
		DEE87273262407B500566400 /* FeedImageCellController.swift */ = {isa = PBXFileReference; lastKnownFileType = sourcecode.swift; path = FeedImageCellController.swift; sourceTree = "<group>"; };
		DEE8727826242C7100566400 /* FeedUIComposer.swift */ = {isa = PBXFileReference; lastKnownFileType = sourcecode.swift; path = FeedUIComposer.swift; sourceTree = "<group>"; };
		DEE8728326244D7B00566400 /* FeedImageViewModel.swift */ = {isa = PBXFileReference; lastKnownFileType = sourcecode.swift; path = FeedImageViewModel.swift; sourceTree = "<group>"; };
		DEE87287262556A100566400 /* FeedPresenter.swift */ = {isa = PBXFileReference; lastKnownFileType = sourcecode.swift; path = FeedPresenter.swift; sourceTree = "<group>"; };
		DEE872902625EC6A00566400 /* FeedImagePresenter.swift */ = {isa = PBXFileReference; lastKnownFileType = sourcecode.swift; path = FeedImagePresenter.swift; sourceTree = "<group>"; };
		DEE872962625F84F00566400 /* FeedLoadingViewModel.swift */ = {isa = PBXFileReference; lastKnownFileType = sourcecode.swift; path = FeedLoadingViewModel.swift; sourceTree = "<group>"; };
		DEE8729A2625F88D00566400 /* FeedViewModel.swift */ = {isa = PBXFileReference; lastKnownFileType = sourcecode.swift; path = FeedViewModel.swift; sourceTree = "<group>"; };
		DEECCD1B25EFCAF8003242CF /* HTTPClient.swift */ = {isa = PBXFileReference; lastKnownFileType = sourcecode.swift; path = HTTPClient.swift; sourceTree = "<group>"; };
		DEECCD2025EFCB44003242CF /* FeedItemsMapper.swift */ = {isa = PBXFileReference; lastKnownFileType = sourcecode.swift; path = FeedItemsMapper.swift; sourceTree = "<group>"; };
/* End PBXFileReference section */

/* Begin PBXFrameworksBuildPhase section */
		DE9612D52669C3290012AA4D /* Frameworks */ = {
			isa = PBXFrameworksBuildPhase;
			buildActionMask = 2147483647;
			files = (
			);
			runOnlyForDeploymentPostprocessing = 0;
		};
		DEC48ABE25EA07C700B608DC /* Frameworks */ = {
			isa = PBXFrameworksBuildPhase;
			buildActionMask = 2147483647;
			files = (
			);
			runOnlyForDeploymentPostprocessing = 0;
		};
		DEC48AD425EA07C800B608DC /* Frameworks */ = {
			isa = PBXFrameworksBuildPhase;
			buildActionMask = 2147483647;
			files = (
			);
			runOnlyForDeploymentPostprocessing = 0;
		};
/* End PBXFrameworksBuildPhase section */

/* Begin PBXGroup section */
		DE004B72265DEB3B00E17565 /* App */ = {
			isa = PBXGroup;
			children = (
				DE8995992668BD3F00C7B80F /* Helpers */,
				DE004B73265DEBA000E17565 /* FeedLoaderWithFallbackCompositeTests.swift */,
				DE8995972668B59E00C7B80F /* FeedLoaderCacheDecoratorTests.swift */,
				DE004B77265E215900E17565 /* FeedImageDataLoaderWithFallbackCompositeTests.swift */,
				DE8995A22668D42A00C7B80F /* FeedImageDataLoaderCacheDecoratorTests.swift */,
			);
			path = App;
			sourceTree = "<group>";
		};
		DE08D85025F672A200B4E98F /* Feed Cache */ = {
			isa = PBXGroup;
			children = (
				DED916B525FC79810094DF8C /* Helpers */,
				DE1CF43D2605D191002D9BC7 /* FeedStoreSpecs */,
				DE08D85125F672E800B4E98F /* CacheFeedUseCaseTests.swift */,
				DED916B025FC77820094DF8C /* LoadFeedFromCacheUseCaseTests.swift */,
				DED916BE25FCB51B0094DF8C /* ValidateFeedCacheUseCaseTests.swift */,
				DE3010D025FF1C3400FFD7D3 /* CodableFeedStoreTests.swift */,
				DE1CF43E2605D31C002D9BC7 /* CoreDataFeedStoreTests.swift */,
				DE29711A265637DA00B37403 /* LoadFeedImageDataFromCacheUseCaseTests.swift */,
				DE2971222656439600B37403 /* CacheFeedImageDataUseCaseTests.swift */,
				DE24CE532657436A003C59F0 /* CoreDataFeedImageDataStoreTests.swift */,
			);
			path = "Feed Cache";
			sourceTree = "<group>";
		};
		DE1CF43D2605D191002D9BC7 /* FeedStoreSpecs */ = {
			isa = PBXGroup;
			children = (
				DE1CF4242605A91F002D9BC7 /* FeedStoreSpecs.swift */,
				DE1CF4292605AA15002D9BC7 /* XCTestCase+FeedStoreSpecs.swift */,
				DE1CF42E2605CE5F002D9BC7 /* XCTestCase+FailableRetrieveFeedStoreSpecs.swift */,
				DE1CF4332605CF90002D9BC7 /* XCTestCase+FailableInsertFeedStoreSpecs.swift */,
				DE1CF4382605D0DA002D9BC7 /* XCTestCase+FailableDeleteFeedStoreSpecs.swift */,
			);
			path = FeedStoreSpecs;
			sourceTree = "<group>";
		};
		DE1CF4512605E4DD002D9BC7 /* Infrastructure */ = {
			isa = PBXGroup;
			children = (
				DE1CF4532605E54D002D9BC7 /* Codable */,
				DE1CF4522605E4F5002D9BC7 /* CoreData */,
			);
			path = Infrastructure;
			sourceTree = "<group>";
		};
		DE1CF4522605E4F5002D9BC7 /* CoreData */ = {
			isa = PBXGroup;
			children = (
				DE1CF4462605D3B7002D9BC7 /* CoreDataFeedStore.swift */,
				DE0C6C55265CE6C300264CAA /* CoreDataFeedStore+FeedStore.swift */,
				DE0C6C53265CE30C00264CAA /* CoreDataFeedStore+FeedImageDataLoader.swift */,
				DE1CF4572605E5FA002D9BC7 /* CoreDataHelpers.swift */,
				DE1CF45F2605E6AA002D9BC7 /* ManagedCache.swift */,
				DE1CF4642605E6C0002D9BC7 /* ManagedFeedImage.swift */,
				DE1CF44B2605D594002D9BC7 /* FeedStore.xcdatamodeld */,
			);
			path = CoreData;
			sourceTree = "<group>";
		};
		DE1CF4532605E54D002D9BC7 /* Codable */ = {
			isa = PBXGroup;
			children = (
				DE1CF41F260592B4002D9BC7 /* CodableFeedStore.swift */,
			);
			path = Codable;
			sourceTree = "<group>";
		};
		DE1CF46C2605EB87002D9BC7 /* EssentialFeedCacheIntegrationTests */ = {
			isa = PBXGroup;
			children = (
				DE1CF46D2605EBED002D9BC7 /* EssentialFeedCacheIntegrationTests.swift */,
			);
			path = EssentialFeedCacheIntegrationTests;
			sourceTree = "<group>";
		};
		DE20963A25FC60D00096F017 /* Feed Cache */ = {
			isa = PBXGroup;
			children = (
				DE1CF4512605E4DD002D9BC7 /* Infrastructure */,
				DE20963B25FC60F50096F017 /* LocalFeedLoader.swift */,
				DE20964025FC618E0096F017 /* FeedStore.swift */,
				DE20964D25FC6DDB0096F017 /* LocalFeedImage.swift */,
				DED916CD25FDFA470094DF8C /* FeedCachePolicy.swift */,
				DE29711C26563CAE00B37403 /* LocalFeedImageDataLoader.swift */,
				DE29711E26563CBF00B37403 /* FeedImageDataStore.swift */,
			);
			path = "Feed Cache";
			sourceTree = "<group>";
		};
		DE23ADAC264CE09700EF8827 /* Helpers */ = {
			isa = PBXGroup;
			children = (
				DE529DF62622CA6E00A2A15A /* UIView+Shimmering.swift */,
				DECC9368264977A200D2887A /* UITableView+Dequeueing.swift */,
				DECC936A2649797300D2887A /* UIImageView+Animations.swift */,
				DE23ADAF264CE12B00EF8827 /* UIRefreshControl+Helpers.swift */,
			);
			path = Helpers;
			sourceTree = "<group>";
		};
		DE2971102656133300B37403 /* Helpers */ = {
			isa = PBXGroup;
			children = (
				DE2971112656135000B37403 /* HTTPClientSpy.swift */,
				DE297118265632DA00B37403 /* URLProtocolStub.swift */,
			);
			path = Helpers;
			sourceTree = "<group>";
		};
		DE2971152656316600B37403 /* Helpers */ = {
			isa = PBXGroup;
			children = (
				DE2971162656318F00B37403 /* HTTPURLResponse+StatusCode.swift */,
			);
			path = Helpers;
			sourceTree = "<group>";
		};
		DE4488FE264AC9C500FC6115 /* Helpers */ = {
			isa = PBXGroup;
			children = (
				DE448909264ACCC900FC6115 /* UIImage+TestHelpers.swift */,
				DE44890B264ACCF300FC6115 /* UIRefreshControl+TestHelpers.swift */,
				DE44890D264ACD3000FC6115 /* UIButton+TestHelpers.swift */,
				DE448910264ACE4F00FC6115 /* UIControl+TestHelpers.swift */,
				DE448901264ACAD400FC6115 /* FeedViewController+TestHelpers.swift */,
				DE448903264ACB5800FC6115 /* FeedImageCell+TestHelpers.swift */,
				DE448905264ACBB100FC6115 /* FeedUIIntegrationTests+LoaderSpy.swift */,
				DE448907264ACC5B00FC6115 /* FeedUIIntegrationTests+Assertions.swift */,
				DE4488FF264ACA1D00FC6115 /* FeedUIIntegrationTests+Localization.swift */,
			);
			path = Helpers;
			sourceTree = "<group>";
		};
		DE44890F264ACE0500FC6115 /* Feed UI */ = {
			isa = PBXGroup;
			children = (
				DE4488FE264AC9C500FC6115 /* Helpers */,
				DE529DD726216D0100A2A15A /* FeedUIIntegrationTests.swift */,
			);
			path = "Feed UI";
			sourceTree = "<group>";
		};
		DE448919264AD06A00FC6115 /* Feed Presentation */ = {
			isa = PBXGroup;
			children = (
				DE44891A264AD07B00FC6115 /* FeedLocalizationTests.swift */,
				DE23ADB1264CE35100EF8827 /* FeedPresenterTests.swift */,
			);
			path = "Feed Presentation";
			sourceTree = "<group>";
		};
		DE4B7C2625F3720C0085EEE8 /* Helpers */ = {
			isa = PBXGroup;
			children = (
				DE4B7C2725F3729F0085EEE8 /* XCTestCase+MemoryLeakTracking.swift */,
				DED916C825FCBDCD0094DF8C /* SharedTestHelpers.swift */,
			);
			path = Helpers;
			sourceTree = "<group>";
		};
		DE529DCE26216CAC00A2A15A /* EssentialFeedUITests */ = {
			isa = PBXGroup;
			children = (
				DE448919264AD06A00FC6115 /* Feed Presentation */,
				DE44890F264ACE0500FC6115 /* Feed UI */,
			);
			path = EssentialFeedUITests;
			sourceTree = "<group>";
		};
		DE6AF6D125F4CD1F00970A77 /* Frameworks */ = {
			isa = PBXGroup;
			children = (
			);
			name = Frameworks;
			sourceTree = "<group>";
		};
		DE8995992668BD3F00C7B80F /* Helpers */ = {
			isa = PBXGroup;
			children = (
				DE89959C2668BF0700C7B80F /* XCTestCase+FeedLoader.swift */,
				DE8995A62668D5FD00C7B80F /* XCTestCase+FeedImageDataLoader.swift */,
				DE89959A2668BD5F00C7B80F /* FeedLoaderStub.swift */,
				DE8995A42668D4FB00C7B80F /* FeedImageDataLoaderSpy.swift */,
			);
			path = Helpers;
			sourceTree = "<group>";
		};
		DE9612D92669C3290012AA4D /* EssentialAppUIAcceptanceTests */ = {
			isa = PBXGroup;
			children = (
				DE9612DA2669C3290012AA4D /* EssentialAppUIAcceptanceTests.swift */,
				DE9612DC2669C3290012AA4D /* Info.plist */,
			);
			path = EssentialAppUIAcceptanceTests;
			sourceTree = "<group>";
		};
		DEC48AB825EA07C700B608DC = {
			isa = PBXGroup;
			children = (
				DEC48AC325EA07C700B608DC /* EssentialFeed */,
				DEC48ADA25EA07C800B608DC /* EssentialFeedTests */,
				DE9612D92669C3290012AA4D /* EssentialAppUIAcceptanceTests */,
				DEC48AC225EA07C700B608DC /* Products */,
				DE6AF6D125F4CD1F00970A77 /* Frameworks */,
			);
			sourceTree = "<group>";
		};
		DEC48AC225EA07C700B608DC /* Products */ = {
			isa = PBXGroup;
			children = (
				DEC48AC125EA07C700B608DC /* EssentialFeed.app */,
				DEC48AD725EA07C800B608DC /* EssentialFeedTests.xctest */,
				DE9612D82669C3290012AA4D /* EssentialAppUIAcceptanceTests.xctest */,
			);
			name = Products;
			sourceTree = "<group>";
		};
		DEC48AC325EA07C700B608DC /* EssentialFeed */ = {
			isa = PBXGroup;
			children = (
				DEC48AF725EA083000B608DC /* Application */,
				DEE8727E262439DE00566400 /* Feed Presentation */,
				DEE8726A2623FDDD00566400 /* Feed UI */,
				DE20963A25FC60D00096F017 /* Feed Cache */,
				DEC48B1325EA0B5700B608DC /* Feed Feature */,
				DEC841C725EA1CB0000D8968 /* Feed API */,
				DEC48B0225EA08BB00B608DC /* Supporting Files */,
			);
			path = EssentialFeed;
			sourceTree = "<group>";
		};
		DEC48ADA25EA07C800B608DC /* EssentialFeedTests */ = {
			isa = PBXGroup;
			children = (
				DE004B72265DEB3B00E17565 /* App */,
				DE4B7C2625F3720C0085EEE8 /* Helpers */,
				DE08D85025F672A200B4E98F /* Feed Cache */,
				DEECCD2825EFD443003242CF /* Feed API */,
				DEDB0FFA25F4F8F3002E7B86 /* EssentialFeedAPIEndToEndTests */,
				DE1CF46C2605EB87002D9BC7 /* EssentialFeedCacheIntegrationTests */,
				DE529DCE26216CAC00A2A15A /* EssentialFeedUITests */,
				DEC48ADD25EA07C800B608DC /* Info.plist */,
			);
			path = EssentialFeedTests;
			sourceTree = "<group>";
		};
		DEC48AF725EA083000B608DC /* Application */ = {
			isa = PBXGroup;
			children = (
				DEC48AC425EA07C700B608DC /* AppDelegate.swift */,
				DEC48AC625EA07C700B608DC /* SceneDelegate.swift */,
				DE9612E22669F9BD0012AA4D /* DebuggingSceneDelegate.swift */,
				DE004B75265E1FC500E17565 /* FeedLoaderWithFallbackComposite.swift */,
				DE8995A02668CBD400C7B80F /* FeedLoaderCacheDecorator.swift */,
				DE004B79265E264A00E17565 /* FeedImageDataLoaderWithFallbackComposite.swift */,
				DE8995AA2668D8E000C7B80F /* FeedImageDataLoaderCacheDecorator.swift */,
				DEC48ACF25EA07C800B608DC /* LaunchScreen.storyboard */,
			);
			path = Application;
			sourceTree = "<group>";
		};
		DEC48B0225EA08BB00B608DC /* Supporting Files */ = {
			isa = PBXGroup;
			children = (
				DEC48ACD25EA07C800B608DC /* Assets.xcassets */,
				DEC48AD225EA07C800B608DC /* Info.plist */,
			);
			path = "Supporting Files";
			sourceTree = "<group>";
		};
		DEC48B1325EA0B5700B608DC /* Feed Feature */ = {
			isa = PBXGroup;
			children = (
				DEC48B0625EA08ED00B608DC /* FeedImage.swift */,
				DEC48B0B25EA0A2D00B608DC /* FeedLoader.swift */,
				DE89959E2668CAF900C7B80F /* FeedCache.swift */,
				DEE872662623FDAE00566400 /* FeedImageDataLoader.swift */,
				DE8995A82668D82600C7B80F /* FeedImageDataCache.swift */,
			);
			path = "Feed Feature";
			sourceTree = "<group>";
		};
		DEC841C725EA1CB0000D8968 /* Feed API */ = {
			isa = PBXGroup;
			children = (
				DE2971152656316600B37403 /* Helpers */,
				DEC841C825EA1CD5000D8968 /* RemoteFeedLoader.swift */,
				DEECCD2025EFCB44003242CF /* FeedItemsMapper.swift */,
				DE20964525FC6D8B0096F017 /* RemoteFeedItem.swift */,
				DE29711326562AE400B37403 /* RemoteFeedImageDataLoader.swift */,
				DEECCD1B25EFCAF8003242CF /* HTTPClient.swift */,
				DE4B7C2F25F3A3A10085EEE8 /* URLSessionHTTPClient.swift */,
			);
			path = "Feed API";
			sourceTree = "<group>";
		};
		DED916B525FC79810094DF8C /* Helpers */ = {
			isa = PBXGroup;
			children = (
				DED916B625FC79A40094DF8C /* FeedStoreSpy.swift */,
				DE297120265642C300B37403 /* FeedImageDataStoreSpy.swift */,
				DED916C325FCBC4D0094DF8C /* FeedCacheTestHelpers.swift */,
			);
			path = Helpers;
			sourceTree = "<group>";
		};
		DEDB0FFA25F4F8F3002E7B86 /* EssentialFeedAPIEndToEndTests */ = {
			isa = PBXGroup;
			children = (
				DEDB0FFE25F4F9B7002E7B86 /* EssentialFeedAPIEndToEndTests.swift */,
			);
			path = EssentialFeedAPIEndToEndTests;
			sourceTree = "<group>";
		};
		DEE8726A2623FDDD00566400 /* Feed UI */ = {
			isa = PBXGroup;
			children = (
				DEE8727726242C3C00566400 /* Composers */,
				DEE8726B2623FDEA00566400 /* Controllers */,
				DEE8726C2623FDFC00566400 /* Views */,
			);
			path = "Feed UI";
			sourceTree = "<group>";
		};
		DEE8726B2623FDEA00566400 /* Controllers */ = {
			isa = PBXGroup;
			children = (
				DE529DEC26218CDC00A2A15A /* FeedViewController.swift */,
				DEE87273262407B500566400 /* FeedImageCellController.swift */,
			);
			path = Controllers;
			sourceTree = "<group>";
		};
		DEE8726C2623FDFC00566400 /* Views */ = {
			isa = PBXGroup;
			children = (
				DE23ADAC264CE09700EF8827 /* Helpers */,
				DE529DF22621974A00A2A15A /* FeedImageCell.swift */,
				DE23ADAA264CDE1D00EF8827 /* ErrorView.swift */,
				DECC93642649624100D2887A /* Feed.storyboard */,
				DECC9366264963B200D2887A /* Feed.xcassets */,
			);
			path = Views;
			sourceTree = "<group>";
		};
		DEE8727726242C3C00566400 /* Composers */ = {
			isa = PBXGroup;
			children = (
				DEE8727826242C7100566400 /* FeedUIComposer.swift */,
				DE3AE7E8264C12920014FA28 /* MainQueueDispatchDecorator.swift */,
				DE3AE7EA264C13620014FA28 /* WeakRefVirtualProxy.swift */,
				DE3AE7EC264C13A20014FA28 /* FeedImageDataLoaderPresentationAdapter.swift */,
				DE3AE7EE264C13E20014FA28 /* FeedLoaderPresentationAdapter.swift */,
				DE3AE7F0264C141A0014FA28 /* FeedViewAdapter.swift */,
			);
			path = Composers;
			sourceTree = "<group>";
		};
		DEE8727E262439DE00566400 /* Feed Presentation */ = {
			isa = PBXGroup;
			children = (
				DEE87287262556A100566400 /* FeedPresenter.swift */,
				DEE8729A2625F88D00566400 /* FeedViewModel.swift */,
				DEE872962625F84F00566400 /* FeedLoadingViewModel.swift */,
				DE23ADAD264CE0E200EF8827 /* FeedErrorViewModel.swift */,
				DEE872902625EC6A00566400 /* FeedImagePresenter.swift */,
				DEE8728326244D7B00566400 /* FeedImageViewModel.swift */,
				DE448914264ACEDC00FC6115 /* Feed.strings */,
			);
			path = "Feed Presentation";
			sourceTree = "<group>";
		};
		DEECCD2825EFD443003242CF /* Feed API */ = {
			isa = PBXGroup;
			children = (
				DE2971102656133300B37403 /* Helpers */,
				DEC48B1425EA0C3A00B608DC /* LoadFeedFromRemoteUseCaseTests.swift */,
				DE29710E2656073F00B37403 /* LoadFeedImageDataFromRemoteUseCaseTests.swift */,
				DE4B7C1925F329F40085EEE8 /* URLSessionHTTPClientTests.swift */,
			);
			path = "Feed API";
			sourceTree = "<group>";
		};
/* End PBXGroup section */

/* Begin PBXNativeTarget section */
		DE9612D72669C3290012AA4D /* EssentialAppUIAcceptanceTests */ = {
			isa = PBXNativeTarget;
			buildConfigurationList = DE9612E12669C3290012AA4D /* Build configuration list for PBXNativeTarget "EssentialAppUIAcceptanceTests" */;
			buildPhases = (
				DE9612D42669C3290012AA4D /* Sources */,
				DE9612D52669C3290012AA4D /* Frameworks */,
				DE9612D62669C3290012AA4D /* Resources */,
			);
			buildRules = (
			);
			dependencies = (
				DE9612DE2669C3290012AA4D /* PBXTargetDependency */,
			);
			name = EssentialAppUIAcceptanceTests;
			productName = EssentialAppUIAcceptanceTests;
			productReference = DE9612D82669C3290012AA4D /* EssentialAppUIAcceptanceTests.xctest */;
			productType = "com.apple.product-type.bundle.ui-testing";
		};
		DEC48AC025EA07C700B608DC /* EssentialFeed */ = {
			isa = PBXNativeTarget;
			buildConfigurationList = DEC48AEB25EA07C800B608DC /* Build configuration list for PBXNativeTarget "EssentialFeed" */;
			buildPhases = (
				DEC48ABD25EA07C700B608DC /* Sources */,
				DEC48ABE25EA07C700B608DC /* Frameworks */,
				DEC48ABF25EA07C700B608DC /* Resources */,
				DE30FD2B260F2D5400F01135 /* Embed Frameworks */,
			);
			buildRules = (
			);
			dependencies = (
			);
			name = EssentialFeed;
			productName = EssentialFeed;
			productReference = DEC48AC125EA07C700B608DC /* EssentialFeed.app */;
			productType = "com.apple.product-type.application";
		};
		DEC48AD625EA07C800B608DC /* EssentialFeedTests */ = {
			isa = PBXNativeTarget;
			buildConfigurationList = DEC48AEE25EA07C800B608DC /* Build configuration list for PBXNativeTarget "EssentialFeedTests" */;
			buildPhases = (
				DEC48AD325EA07C800B608DC /* Sources */,
				DEC48AD425EA07C800B608DC /* Frameworks */,
				DEC48AD525EA07C800B608DC /* Resources */,
			);
			buildRules = (
			);
			dependencies = (
				DEC48AD925EA07C800B608DC /* PBXTargetDependency */,
			);
			name = EssentialFeedTests;
			productName = EssentialFeedTests;
			productReference = DEC48AD725EA07C800B608DC /* EssentialFeedTests.xctest */;
			productType = "com.apple.product-type.bundle.unit-test";
		};
/* End PBXNativeTarget section */

/* Begin PBXProject section */
		DEC48AB925EA07C700B608DC /* Project object */ = {
			isa = PBXProject;
			attributes = {
				LastSwiftUpdateCheck = 1250;
				LastUpgradeCheck = 1240;
				TargetAttributes = {
					DE9612D72669C3290012AA4D = {
						CreatedOnToolsVersion = 12.5;
						TestTargetID = DEC48AC025EA07C700B608DC;
					};
					DEC48AC025EA07C700B608DC = {
						CreatedOnToolsVersion = 12.4;
					};
					DEC48AD625EA07C800B608DC = {
						CreatedOnToolsVersion = 12.4;
						TestTargetID = DEC48AC025EA07C700B608DC;
					};
				};
			};
			buildConfigurationList = DEC48ABC25EA07C700B608DC /* Build configuration list for PBXProject "EssentialFeed" */;
			compatibilityVersion = "Xcode 9.3";
			developmentRegion = en;
			hasScannedForEncodings = 0;
			knownRegions = (
				en,
				Base,
				"pt-BR",
				el,
			);
			mainGroup = DEC48AB825EA07C700B608DC;
			productRefGroup = DEC48AC225EA07C700B608DC /* Products */;
			projectDirPath = "";
			projectRoot = "";
			targets = (
				DEC48AC025EA07C700B608DC /* EssentialFeed */,
				DEC48AD625EA07C800B608DC /* EssentialFeedTests */,
				DE9612D72669C3290012AA4D /* EssentialAppUIAcceptanceTests */,
			);
		};
/* End PBXProject section */

/* Begin PBXResourcesBuildPhase section */
		DE9612D62669C3290012AA4D /* Resources */ = {
			isa = PBXResourcesBuildPhase;
			buildActionMask = 2147483647;
			files = (
			);
			runOnlyForDeploymentPostprocessing = 0;
		};
		DEC48ABF25EA07C700B608DC /* Resources */ = {
			isa = PBXResourcesBuildPhase;
			buildActionMask = 2147483647;
			files = (
				DE448912264ACEDC00FC6115 /* Feed.strings in Resources */,
				DEC48AD125EA07C800B608DC /* LaunchScreen.storyboard in Resources */,
				DECC9367264963B200D2887A /* Feed.xcassets in Resources */,
				DEC48ACE25EA07C800B608DC /* Assets.xcassets in Resources */,
				DECC93652649624100D2887A /* Feed.storyboard in Resources */,
			);
			runOnlyForDeploymentPostprocessing = 0;
		};
		DEC48AD525EA07C800B608DC /* Resources */ = {
			isa = PBXResourcesBuildPhase;
			buildActionMask = 2147483647;
			files = (
			);
			runOnlyForDeploymentPostprocessing = 0;
		};
/* End PBXResourcesBuildPhase section */

/* Begin PBXSourcesBuildPhase section */
		DE9612D42669C3290012AA4D /* Sources */ = {
			isa = PBXSourcesBuildPhase;
			buildActionMask = 2147483647;
			files = (
				DE9612DB2669C3290012AA4D /* EssentialAppUIAcceptanceTests.swift in Sources */,
			);
			runOnlyForDeploymentPostprocessing = 0;
		};
		DEC48ABD25EA07C700B608DC /* Sources */ = {
			isa = PBXSourcesBuildPhase;
			buildActionMask = 2147483647;
			files = (
				DE20964E25FC6DDB0096F017 /* LocalFeedImage.swift in Sources */,
				DEC48B0725EA08ED00B608DC /* FeedImage.swift in Sources */,
				DE3AE7F1264C141A0014FA28 /* FeedViewAdapter.swift in Sources */,
				DE3AE7ED264C13A20014FA28 /* FeedImageDataLoaderPresentationAdapter.swift in Sources */,
				DE29711D26563CAE00B37403 /* LocalFeedImageDataLoader.swift in Sources */,
				DE0C6C54265CE30C00264CAA /* CoreDataFeedStore+FeedImageDataLoader.swift in Sources */,
				DE529DED26218CDC00A2A15A /* FeedViewController.swift in Sources */,
				DED916CE25FDFA470094DF8C /* FeedCachePolicy.swift in Sources */,
				DE20964125FC618E0096F017 /* FeedStore.swift in Sources */,
				DE8995AB2668D8E000C7B80F /* FeedImageDataLoaderCacheDecorator.swift in Sources */,
				DEE87288262556A100566400 /* FeedPresenter.swift in Sources */,
				DE20964625FC6D8B0096F017 /* RemoteFeedItem.swift in Sources */,
				DEE8729B2625F88D00566400 /* FeedViewModel.swift in Sources */,
				DEE872972625F84F00566400 /* FeedLoadingViewModel.swift in Sources */,
				DE1CF4652605E6C0002D9BC7 /* ManagedFeedImage.swift in Sources */,
				DECC9369264977A200D2887A /* UITableView+Dequeueing.swift in Sources */,
				DE29711426562AE400B37403 /* RemoteFeedImageDataLoader.swift in Sources */,
				DE004B7A265E264A00E17565 /* FeedImageDataLoaderWithFallbackComposite.swift in Sources */,
				DEE8727926242C7100566400 /* FeedUIComposer.swift in Sources */,
				DE529DF32621974A00A2A15A /* FeedImageCell.swift in Sources */,
				DE8995A92668D82600C7B80F /* FeedImageDataCache.swift in Sources */,
				DE2971172656318F00B37403 /* HTTPURLResponse+StatusCode.swift in Sources */,
				DEE872912625EC6A00566400 /* FeedImagePresenter.swift in Sources */,
				DE1CF420260592B4002D9BC7 /* CodableFeedStore.swift in Sources */,
				DE1CF4582605E5FA002D9BC7 /* CoreDataHelpers.swift in Sources */,
				DE1CF44D2605D594002D9BC7 /* FeedStore.xcdatamodeld in Sources */,
				DECC936B2649797300D2887A /* UIImageView+Animations.swift in Sources */,
				DE1CF4472605D3B7002D9BC7 /* CoreDataFeedStore.swift in Sources */,
				DE23ADB0264CE12B00EF8827 /* UIRefreshControl+Helpers.swift in Sources */,
				DE29711F26563CBF00B37403 /* FeedImageDataStore.swift in Sources */,
				DE23ADAB264CDE1D00EF8827 /* ErrorView.swift in Sources */,
				DEC48AC525EA07C700B608DC /* AppDelegate.swift in Sources */,
				DE004B76265E1FC500E17565 /* FeedLoaderWithFallbackComposite.swift in Sources */,
				DEE8728426244D7B00566400 /* FeedImageViewModel.swift in Sources */,
				DE89959F2668CAF900C7B80F /* FeedCache.swift in Sources */,
				DE8995A12668CBD400C7B80F /* FeedLoaderCacheDecorator.swift in Sources */,
				DE1CF4602605E6AA002D9BC7 /* ManagedCache.swift in Sources */,
				DE3AE7E9264C12920014FA28 /* MainQueueDispatchDecorator.swift in Sources */,
				DE0C6C56265CE6C300264CAA /* CoreDataFeedStore+FeedStore.swift in Sources */,
				DE9612E32669F9BD0012AA4D /* DebuggingSceneDelegate.swift in Sources */,
				DEECCD2125EFCB44003242CF /* FeedItemsMapper.swift in Sources */,
				DE20963C25FC60F50096F017 /* LocalFeedLoader.swift in Sources */,
				DEECCD1C25EFCAF8003242CF /* HTTPClient.swift in Sources */,
				DEE87274262407B500566400 /* FeedImageCellController.swift in Sources */,
				DEC48B0C25EA0A2D00B608DC /* FeedLoader.swift in Sources */,
				DEC841C925EA1CD5000D8968 /* RemoteFeedLoader.swift in Sources */,
				DE3AE7EF264C13E20014FA28 /* FeedLoaderPresentationAdapter.swift in Sources */,
				DEE872672623FDAE00566400 /* FeedImageDataLoader.swift in Sources */,
				DE529DF72622CA6E00A2A15A /* UIView+Shimmering.swift in Sources */,
				DEC48AC725EA07C700B608DC /* SceneDelegate.swift in Sources */,
				DE23ADAE264CE0E200EF8827 /* FeedErrorViewModel.swift in Sources */,
				DE3AE7EB264C13620014FA28 /* WeakRefVirtualProxy.swift in Sources */,
				DE4B7C3025F3A3A10085EEE8 /* URLSessionHTTPClient.swift in Sources */,
			);
			runOnlyForDeploymentPostprocessing = 0;
		};
		DEC48AD325EA07C800B608DC /* Sources */ = {
			isa = PBXSourcesBuildPhase;
			buildActionMask = 2147483647;
			files = (
				DE89959B2668BD5F00C7B80F /* FeedLoaderStub.swift in Sources */,
				DE1CF46E2605EBED002D9BC7 /* EssentialFeedCacheIntegrationTests.swift in Sources */,
				DE448908264ACC5B00FC6115 /* FeedUIIntegrationTests+Assertions.swift in Sources */,
				DE8995A52668D4FB00C7B80F /* FeedImageDataLoaderSpy.swift in Sources */,
				DE8995A32668D42A00C7B80F /* FeedImageDataLoaderCacheDecoratorTests.swift in Sources */,
				DE1CF42A2605AA15002D9BC7 /* XCTestCase+FeedStoreSpecs.swift in Sources */,
				DE3010D125FF1C3400FFD7D3 /* CodableFeedStoreTests.swift in Sources */,
				DE529DD826216D0100A2A15A /* FeedUIIntegrationTests.swift in Sources */,
				DE44890E264ACD3000FC6115 /* UIButton+TestHelpers.swift in Sources */,
				DE448902264ACAD400FC6115 /* FeedViewController+TestHelpers.swift in Sources */,
				DE29710F2656073F00B37403 /* LoadFeedImageDataFromRemoteUseCaseTests.swift in Sources */,
				DE2971232656439600B37403 /* CacheFeedImageDataUseCaseTests.swift in Sources */,
				DEDB0FFF25F4F9B7002E7B86 /* EssentialFeedAPIEndToEndTests.swift in Sources */,
				DE2971122656135000B37403 /* HTTPClientSpy.swift in Sources */,
				DE8995982668B59E00C7B80F /* FeedLoaderCacheDecoratorTests.swift in Sources */,
				DE1CF43F2605D31C002D9BC7 /* CoreDataFeedStoreTests.swift in Sources */,
				DE004B74265DEBA000E17565 /* FeedLoaderWithFallbackCompositeTests.swift in Sources */,
				DE89959D2668BF0700C7B80F /* XCTestCase+FeedLoader.swift in Sources */,
				DE1CF42F2605CE5F002D9BC7 /* XCTestCase+FailableRetrieveFeedStoreSpecs.swift in Sources */,
				DE297121265642C300B37403 /* FeedImageDataStoreSpy.swift in Sources */,
				DE23ADB2264CE35100EF8827 /* FeedPresenterTests.swift in Sources */,
				DEC48B1525EA0C3A00B608DC /* LoadFeedFromRemoteUseCaseTests.swift in Sources */,
				DE448904264ACB5800FC6115 /* FeedImageCell+TestHelpers.swift in Sources */,
				DE8995A72668D5FD00C7B80F /* XCTestCase+FeedImageDataLoader.swift in Sources */,
				DED916C925FCBDCD0094DF8C /* SharedTestHelpers.swift in Sources */,
				DE448906264ACBB100FC6115 /* FeedUIIntegrationTests+LoaderSpy.swift in Sources */,
				DE448900264ACA1D00FC6115 /* FeedUIIntegrationTests+Localization.swift in Sources */,
				DE448911264ACE4F00FC6115 /* UIControl+TestHelpers.swift in Sources */,
				DE4B7C1A25F329F40085EEE8 /* URLSessionHTTPClientTests.swift in Sources */,
				DE08D85225F672E800B4E98F /* CacheFeedUseCaseTests.swift in Sources */,
				DED916C425FCBC4D0094DF8C /* FeedCacheTestHelpers.swift in Sources */,
				DE44891B264AD07B00FC6115 /* FeedLocalizationTests.swift in Sources */,
				DED916BF25FCB51B0094DF8C /* ValidateFeedCacheUseCaseTests.swift in Sources */,
				DED916B725FC79A40094DF8C /* FeedStoreSpy.swift in Sources */,
				DE297119265632DB00B37403 /* URLProtocolStub.swift in Sources */,
				DED916B125FC77820094DF8C /* LoadFeedFromCacheUseCaseTests.swift in Sources */,
				DE24CE542657436A003C59F0 /* CoreDataFeedImageDataStoreTests.swift in Sources */,
				DE1CF4392605D0DA002D9BC7 /* XCTestCase+FailableDeleteFeedStoreSpecs.swift in Sources */,
				DE44890C264ACCF300FC6115 /* UIRefreshControl+TestHelpers.swift in Sources */,
				DE1CF4252605A91F002D9BC7 /* FeedStoreSpecs.swift in Sources */,
				DE4B7C2825F3729F0085EEE8 /* XCTestCase+MemoryLeakTracking.swift in Sources */,
				DE004B78265E215900E17565 /* FeedImageDataLoaderWithFallbackCompositeTests.swift in Sources */,
				DE44890A264ACCC900FC6115 /* UIImage+TestHelpers.swift in Sources */,
				DE29711B265637DA00B37403 /* LoadFeedImageDataFromCacheUseCaseTests.swift in Sources */,
				DE1CF4342605CF90002D9BC7 /* XCTestCase+FailableInsertFeedStoreSpecs.swift in Sources */,
			);
			runOnlyForDeploymentPostprocessing = 0;
		};
/* End PBXSourcesBuildPhase section */

/* Begin PBXTargetDependency section */
		DE9612DE2669C3290012AA4D /* PBXTargetDependency */ = {
			isa = PBXTargetDependency;
			target = DEC48AC025EA07C700B608DC /* EssentialFeed */;
			targetProxy = DE9612DD2669C3290012AA4D /* PBXContainerItemProxy */;
		};
		DEC48AD925EA07C800B608DC /* PBXTargetDependency */ = {
			isa = PBXTargetDependency;
			target = DEC48AC025EA07C700B608DC /* EssentialFeed */;
			targetProxy = DEC48AD825EA07C800B608DC /* PBXContainerItemProxy */;
		};
/* End PBXTargetDependency section */

/* Begin PBXVariantGroup section */
		DE448914264ACEDC00FC6115 /* Feed.strings */ = {
			isa = PBXVariantGroup;
			children = (
				DE448913264ACEDC00FC6115 /* en */,
				DE448916264ACF7B00FC6115 /* pt-BR */,
				DE448918264ACFF400FC6115 /* el */,
			);
			name = Feed.strings;
			sourceTree = "<group>";
		};
		DEC48ACF25EA07C800B608DC /* LaunchScreen.storyboard */ = {
			isa = PBXVariantGroup;
			children = (
				DE44891D264AD42C00FC6115 /* Base */,
			);
			name = LaunchScreen.storyboard;
			sourceTree = "<group>";
		};
/* End PBXVariantGroup section */

/* Begin XCBuildConfiguration section */
		DE9612DF2669C3290012AA4D /* Debug */ = {
			isa = XCBuildConfiguration;
			buildSettings = {
				CODE_SIGN_STYLE = Automatic;
				DEVELOPMENT_TEAM = QPTS7A9V9F;
				INFOPLIST_FILE = EssentialAppUIAcceptanceTests/Info.plist;
				IPHONEOS_DEPLOYMENT_TARGET = 14.5;
				LD_RUNPATH_SEARCH_PATHS = (
					"$(inherited)",
					"@executable_path/Frameworks",
					"@loader_path/Frameworks",
				);
				OTHER_SWIFT_FLAGS = "";
				PRODUCT_BUNDLE_IDENTIFIER = com.terry.EssentialAppUIAcceptanceTests;
				PRODUCT_NAME = "$(TARGET_NAME)";
				SWIFT_VERSION = 5.0;
				TARGETED_DEVICE_FAMILY = "1,2";
				TEST_TARGET_NAME = EssentialFeed;
			};
			name = Debug;
		};
		DE9612E02669C3290012AA4D /* Release */ = {
			isa = XCBuildConfiguration;
			buildSettings = {
				CODE_SIGN_STYLE = Automatic;
				DEVELOPMENT_TEAM = QPTS7A9V9F;
				INFOPLIST_FILE = EssentialAppUIAcceptanceTests/Info.plist;
				IPHONEOS_DEPLOYMENT_TARGET = 14.5;
				LD_RUNPATH_SEARCH_PATHS = (
					"$(inherited)",
					"@executable_path/Frameworks",
					"@loader_path/Frameworks",
				);
				PRODUCT_BUNDLE_IDENTIFIER = com.terry.EssentialAppUIAcceptanceTests;
				PRODUCT_NAME = "$(TARGET_NAME)";
				SWIFT_VERSION = 5.0;
				TARGETED_DEVICE_FAMILY = "1,2";
				TEST_TARGET_NAME = EssentialFeed;
			};
			name = Release;
		};
		DEC48AE925EA07C800B608DC /* Debug */ = {
			isa = XCBuildConfiguration;
			buildSettings = {
				ALWAYS_SEARCH_USER_PATHS = NO;
				CLANG_ANALYZER_LOCALIZABILITY_NONLOCALIZED = YES;
				CLANG_ANALYZER_NONNULL = YES;
				CLANG_ANALYZER_NUMBER_OBJECT_CONVERSION = YES_AGGRESSIVE;
				CLANG_CXX_LANGUAGE_STANDARD = "gnu++14";
				CLANG_CXX_LIBRARY = "libc++";
				CLANG_ENABLE_MODULES = YES;
				CLANG_ENABLE_OBJC_ARC = YES;
				CLANG_ENABLE_OBJC_WEAK = YES;
				CLANG_WARN_BLOCK_CAPTURE_AUTORELEASING = YES;
				CLANG_WARN_BOOL_CONVERSION = YES;
				CLANG_WARN_COMMA = YES;
				CLANG_WARN_CONSTANT_CONVERSION = YES;
				CLANG_WARN_DEPRECATED_OBJC_IMPLEMENTATIONS = YES;
				CLANG_WARN_DIRECT_OBJC_ISA_USAGE = YES_ERROR;
				CLANG_WARN_DOCUMENTATION_COMMENTS = YES;
				CLANG_WARN_EMPTY_BODY = YES;
				CLANG_WARN_ENUM_CONVERSION = YES;
				CLANG_WARN_INFINITE_RECURSION = YES;
				CLANG_WARN_INT_CONVERSION = YES;
				CLANG_WARN_NON_LITERAL_NULL_CONVERSION = YES;
				CLANG_WARN_OBJC_IMPLICIT_RETAIN_SELF = YES;
				CLANG_WARN_OBJC_LITERAL_CONVERSION = YES;
				CLANG_WARN_OBJC_ROOT_CLASS = YES_ERROR;
				CLANG_WARN_QUOTED_INCLUDE_IN_FRAMEWORK_HEADER = YES;
				CLANG_WARN_RANGE_LOOP_ANALYSIS = YES;
				CLANG_WARN_STRICT_PROTOTYPES = YES;
				CLANG_WARN_SUSPICIOUS_MOVE = YES;
				CLANG_WARN_UNGUARDED_AVAILABILITY = YES_AGGRESSIVE;
				CLANG_WARN_UNREACHABLE_CODE = YES;
				CLANG_WARN__DUPLICATE_METHOD_MATCH = YES;
				COPY_PHASE_STRIP = NO;
				DEBUG_INFORMATION_FORMAT = dwarf;
				ENABLE_STRICT_OBJC_MSGSEND = YES;
				ENABLE_TESTABILITY = YES;
				GCC_C_LANGUAGE_STANDARD = gnu11;
				GCC_DYNAMIC_NO_PIC = NO;
				GCC_NO_COMMON_BLOCKS = YES;
				GCC_OPTIMIZATION_LEVEL = 0;
				GCC_PREPROCESSOR_DEFINITIONS = (
					"DEBUG=1",
					"$(inherited)",
				);
				GCC_WARN_64_TO_32_BIT_CONVERSION = YES;
				GCC_WARN_ABOUT_RETURN_TYPE = YES_ERROR;
				GCC_WARN_UNDECLARED_SELECTOR = YES;
				GCC_WARN_UNINITIALIZED_AUTOS = YES_AGGRESSIVE;
				GCC_WARN_UNUSED_FUNCTION = YES;
				GCC_WARN_UNUSED_VARIABLE = YES;
				IPHONEOS_DEPLOYMENT_TARGET = 14.4;
				MTL_ENABLE_DEBUG_INFO = INCLUDE_SOURCE;
				MTL_FAST_MATH = YES;
				ONLY_ACTIVE_ARCH = YES;
				OTHER_SWIFT_FLAGS = "";
				SDKROOT = iphoneos;
				SWIFT_ACTIVE_COMPILATION_CONDITIONS = DEBUG;
				SWIFT_OPTIMIZATION_LEVEL = "-Onone";
			};
			name = Debug;
		};
		DEC48AEA25EA07C800B608DC /* Release */ = {
			isa = XCBuildConfiguration;
			buildSettings = {
				ALWAYS_SEARCH_USER_PATHS = NO;
				CLANG_ANALYZER_LOCALIZABILITY_NONLOCALIZED = YES;
				CLANG_ANALYZER_NONNULL = YES;
				CLANG_ANALYZER_NUMBER_OBJECT_CONVERSION = YES_AGGRESSIVE;
				CLANG_CXX_LANGUAGE_STANDARD = "gnu++14";
				CLANG_CXX_LIBRARY = "libc++";
				CLANG_ENABLE_MODULES = YES;
				CLANG_ENABLE_OBJC_ARC = YES;
				CLANG_ENABLE_OBJC_WEAK = YES;
				CLANG_WARN_BLOCK_CAPTURE_AUTORELEASING = YES;
				CLANG_WARN_BOOL_CONVERSION = YES;
				CLANG_WARN_COMMA = YES;
				CLANG_WARN_CONSTANT_CONVERSION = YES;
				CLANG_WARN_DEPRECATED_OBJC_IMPLEMENTATIONS = YES;
				CLANG_WARN_DIRECT_OBJC_ISA_USAGE = YES_ERROR;
				CLANG_WARN_DOCUMENTATION_COMMENTS = YES;
				CLANG_WARN_EMPTY_BODY = YES;
				CLANG_WARN_ENUM_CONVERSION = YES;
				CLANG_WARN_INFINITE_RECURSION = YES;
				CLANG_WARN_INT_CONVERSION = YES;
				CLANG_WARN_NON_LITERAL_NULL_CONVERSION = YES;
				CLANG_WARN_OBJC_IMPLICIT_RETAIN_SELF = YES;
				CLANG_WARN_OBJC_LITERAL_CONVERSION = YES;
				CLANG_WARN_OBJC_ROOT_CLASS = YES_ERROR;
				CLANG_WARN_QUOTED_INCLUDE_IN_FRAMEWORK_HEADER = YES;
				CLANG_WARN_RANGE_LOOP_ANALYSIS = YES;
				CLANG_WARN_STRICT_PROTOTYPES = YES;
				CLANG_WARN_SUSPICIOUS_MOVE = YES;
				CLANG_WARN_UNGUARDED_AVAILABILITY = YES_AGGRESSIVE;
				CLANG_WARN_UNREACHABLE_CODE = YES;
				CLANG_WARN__DUPLICATE_METHOD_MATCH = YES;
				COPY_PHASE_STRIP = NO;
				DEBUG_INFORMATION_FORMAT = "dwarf-with-dsym";
				ENABLE_NS_ASSERTIONS = NO;
				ENABLE_STRICT_OBJC_MSGSEND = YES;
				GCC_C_LANGUAGE_STANDARD = gnu11;
				GCC_NO_COMMON_BLOCKS = YES;
				GCC_WARN_64_TO_32_BIT_CONVERSION = YES;
				GCC_WARN_ABOUT_RETURN_TYPE = YES_ERROR;
				GCC_WARN_UNDECLARED_SELECTOR = YES;
				GCC_WARN_UNINITIALIZED_AUTOS = YES_AGGRESSIVE;
				GCC_WARN_UNUSED_FUNCTION = YES;
				GCC_WARN_UNUSED_VARIABLE = YES;
				IPHONEOS_DEPLOYMENT_TARGET = 14.4;
				MTL_ENABLE_DEBUG_INFO = NO;
				MTL_FAST_MATH = YES;
				SDKROOT = iphoneos;
				SWIFT_COMPILATION_MODE = wholemodule;
				SWIFT_OPTIMIZATION_LEVEL = "-O";
				VALIDATE_PRODUCT = YES;
			};
			name = Release;
		};
		DEC48AEC25EA07C800B608DC /* Debug */ = {
			isa = XCBuildConfiguration;
			buildSettings = {
				ASSETCATALOG_COMPILER_APPICON_NAME = AppIcon;
				ASSETCATALOG_COMPILER_GLOBAL_ACCENT_COLOR_NAME = AccentColor;
				CODE_SIGN_STYLE = Automatic;
				DEVELOPMENT_TEAM = B8QRU3Z535;
				INFOPLIST_FILE = "EssentialFeed/Supporting Files/Info.plist";
				LD_RUNPATH_SEARCH_PATHS = (
					"$(inherited)",
					"@executable_path/Frameworks",
				);
				PRODUCT_BUNDLE_IDENTIFIER = com.terry.EssentialFeed;
				PRODUCT_NAME = "$(TARGET_NAME)";
				SWIFT_VERSION = 5.0;
				TARGETED_DEVICE_FAMILY = "1,2";
			};
			name = Debug;
		};
		DEC48AED25EA07C800B608DC /* Release */ = {
			isa = XCBuildConfiguration;
			buildSettings = {
				ASSETCATALOG_COMPILER_APPICON_NAME = AppIcon;
				ASSETCATALOG_COMPILER_GLOBAL_ACCENT_COLOR_NAME = AccentColor;
				CODE_SIGN_STYLE = Automatic;
				DEVELOPMENT_TEAM = B8QRU3Z535;
				INFOPLIST_FILE = "EssentialFeed/Supporting Files/Info.plist";
				LD_RUNPATH_SEARCH_PATHS = (
					"$(inherited)",
					"@executable_path/Frameworks",
				);
				PRODUCT_BUNDLE_IDENTIFIER = com.terry.EssentialFeed;
				PRODUCT_NAME = "$(TARGET_NAME)";
				SWIFT_VERSION = 5.0;
				TARGETED_DEVICE_FAMILY = "1,2";
			};
			name = Release;
		};
		DEC48AEF25EA07C800B608DC /* Debug */ = {
			isa = XCBuildConfiguration;
			buildSettings = {
				ALWAYS_EMBED_SWIFT_STANDARD_LIBRARIES = YES;
				BUNDLE_LOADER = "$(TEST_HOST)";
				CODE_SIGN_STYLE = Automatic;
				DEVELOPMENT_TEAM = QPTS7A9V9F;
				INFOPLIST_FILE = EssentialFeedTests/Info.plist;
				IPHONEOS_DEPLOYMENT_TARGET = 14.4;
				LD_RUNPATH_SEARCH_PATHS = (
					"$(inherited)",
					"@executable_path/Frameworks",
					"@loader_path/Frameworks",
				);
				PRODUCT_BUNDLE_IDENTIFIER = com.terry.EssentialFeedTests;
				PRODUCT_NAME = "$(TARGET_NAME)";
				SWIFT_VERSION = 5.0;
				TARGETED_DEVICE_FAMILY = "1,2";
				TEST_HOST = "$(BUILT_PRODUCTS_DIR)/EssentialFeed.app/EssentialFeed";
			};
			name = Debug;
		};
		DEC48AF025EA07C800B608DC /* Release */ = {
			isa = XCBuildConfiguration;
			buildSettings = {
				ALWAYS_EMBED_SWIFT_STANDARD_LIBRARIES = YES;
				BUNDLE_LOADER = "$(TEST_HOST)";
				CODE_SIGN_STYLE = Automatic;
				DEVELOPMENT_TEAM = QPTS7A9V9F;
				INFOPLIST_FILE = EssentialFeedTests/Info.plist;
				IPHONEOS_DEPLOYMENT_TARGET = 14.4;
				LD_RUNPATH_SEARCH_PATHS = (
					"$(inherited)",
					"@executable_path/Frameworks",
					"@loader_path/Frameworks",
				);
				PRODUCT_BUNDLE_IDENTIFIER = com.terry.EssentialFeedTests;
				PRODUCT_NAME = "$(TARGET_NAME)";
				SWIFT_VERSION = 5.0;
				TARGETED_DEVICE_FAMILY = "1,2";
				TEST_HOST = "$(BUILT_PRODUCTS_DIR)/EssentialFeed.app/EssentialFeed";
			};
			name = Release;
		};
/* End XCBuildConfiguration section */

/* Begin XCConfigurationList section */
		DE9612E12669C3290012AA4D /* Build configuration list for PBXNativeTarget "EssentialAppUIAcceptanceTests" */ = {
			isa = XCConfigurationList;
			buildConfigurations = (
				DE9612DF2669C3290012AA4D /* Debug */,
				DE9612E02669C3290012AA4D /* Release */,
			);
			defaultConfigurationIsVisible = 0;
			defaultConfigurationName = Release;
		};
		DEC48ABC25EA07C700B608DC /* Build configuration list for PBXProject "EssentialFeed" */ = {
			isa = XCConfigurationList;
			buildConfigurations = (
				DEC48AE925EA07C800B608DC /* Debug */,
				DEC48AEA25EA07C800B608DC /* Release */,
			);
			defaultConfigurationIsVisible = 0;
			defaultConfigurationName = Release;
		};
		DEC48AEB25EA07C800B608DC /* Build configuration list for PBXNativeTarget "EssentialFeed" */ = {
			isa = XCConfigurationList;
			buildConfigurations = (
				DEC48AEC25EA07C800B608DC /* Debug */,
				DEC48AED25EA07C800B608DC /* Release */,
			);
			defaultConfigurationIsVisible = 0;
			defaultConfigurationName = Release;
		};
		DEC48AEE25EA07C800B608DC /* Build configuration list for PBXNativeTarget "EssentialFeedTests" */ = {
			isa = XCConfigurationList;
			buildConfigurations = (
				DEC48AEF25EA07C800B608DC /* Debug */,
				DEC48AF025EA07C800B608DC /* Release */,
			);
			defaultConfigurationIsVisible = 0;
			defaultConfigurationName = Release;
		};
/* End XCConfigurationList section */

/* Begin XCVersionGroup section */
		DE1CF44B2605D594002D9BC7 /* FeedStore.xcdatamodeld */ = {
			isa = XCVersionGroup;
			children = (
				DE0C6C52265CDF3C00264CAA /* FeedStore 2.xcdatamodel */,
				DE1CF44C2605D594002D9BC7 /* FeedStore.xcdatamodel */,
			);
			currentVersion = DE0C6C52265CDF3C00264CAA /* FeedStore 2.xcdatamodel */;
			path = FeedStore.xcdatamodeld;
			sourceTree = "<group>";
			versionGroupType = wrapper.xcdatamodel;
		};
/* End XCVersionGroup section */
	};
	rootObject = DEC48AB925EA07C700B608DC /* Project object */;
}
